<?xml version="1.0" encoding="utf-8"?>
<Project ToolsVersion="4.0" xmlns="http://schemas.microsoft.com/developer/msbuild/2003">
  <ItemGroup>
    <Filter Include="Source Files">
      <UniqueIdentifier>{4FC737F1-C7A5-4376-A066-2A32D752A2FF}</UniqueIdentifier>
      <Extensions>cpp;c;cc;cxx;def;odl;idl;hpj;bat;asm;asmx</Extensions>
    </Filter>
    <Filter Include="Header Files">
      <UniqueIdentifier>{93995380-89BD-4b04-88EB-625FBE52EBFB}</UniqueIdentifier>
      <Extensions>h;hpp;hxx;hm;inl;inc;xsd</Extensions>
    </Filter>
    <Filter Include="Resource Files">
      <UniqueIdentifier>{67DA6AB6-F800-4c08-8B7A-83BB121AAD01}</UniqueIdentifier>
      <Extensions>rc;ico;cur;bmp;dlg;rc2;rct;bin;rgs;gif;jpg;jpeg;jpe;resx;tiff;tif;png;wav;mfcribbon-ms</Extensions>
    </Filter>
    <Filter Include="Puzzles">
      <UniqueIdentifier>{70d1df74-0bb4-40d6-b6ef-b82136c4fe7f}</UniqueIdentifier>
    </Filter>
  </ItemGroup>
  <ItemGroup>
    <Text Include="ReadMe.txt" />
    <Text Include="Puzzles\lightsout_classic.txt">
      <Filter>Puzzles</Filter>
    </Text>
    <Text Include="Puzzles\lightsout_variants.txt">
      <Filter>Puzzles</Filter>
    </Text>
    <Text Include="Puzzles\lightsout-int.txt">
      <Filter>Puzzles</Filter>
    </Text>
    <Text Include="Puzzles\Loopy.txt">
      <Filter>Puzzles</Filter>
    </Text>
    <Text Include="Puzzles\Landscaper.txt">
      <Filter>Puzzles</Filter>
    </Text>
    <Text Include="Puzzles\Lighthouses.txt">
      <Filter>Puzzles</Filter>
    </Text>
    <Text Include="Puzzles\LightenUp.txt">
      <Filter>Puzzles</Filter>
    </Text>
    <Text Include="Puzzles\LineSweeper.txt">
      <Filter>Puzzles</Filter>
    </Text>
    <Text Include="Puzzles\LightBattleShips.txt">
      <Filter>Puzzles</Filter>
    </Text>
    <Text Include="Puzzles\Lits.txt">
      <Filter>Puzzles</Filter>
    </Text>
    <Text Include="Puzzles\Landscapes.txt">
      <Filter>Puzzles</Filter>
    </Text>
    <Text Include="Puzzles\LightenUp2.txt">
      <Filter>Puzzles</Filter>
    </Text>
    <Text Include="Puzzles\LakesAndMeadows.txt">
      <Filter>Puzzles</Filter>
    </Text>
    <Text Include="Puzzles\LightenUpTest.txt">
      <Filter>Puzzles</Filter>
    </Text>
    <Text Include="Puzzles\LoopAndBlocks.txt">
      <Filter>Puzzles</Filter>
    </Text>
    <Text Include="Puzzles\LiarLiar.txt">
      <Filter>Puzzles</Filter>
    </Text>
    <Text Include="Puzzles\LightConnect.txt">
      <Filter>Puzzles</Filter>
    </Text>
  </ItemGroup>
  <ItemGroup>
    <ClInclude Include="stdafx.h">
      <Filter>Header Files</Filter>
    </ClInclude>
    <ClInclude Include="targetver.h">
      <Filter>Header Files</Filter>
    </ClInclude>
  </ItemGroup>
  <ItemGroup>
    <ClCompile Include="stdafx.cpp">
      <Filter>Source Files</Filter>
    </ClCompile>
    <ClCompile Include="main.cpp">
      <Filter>Source Files</Filter>
    </ClCompile>
    <ClCompile Include="..\PSL\Position.cpp">
      <Filter>Source Files</Filter>
    </ClCompile>
    <ClCompile Include="Puzzles\lightsout.cpp">
      <Filter>Puzzles</Filter>
    </ClCompile>
    <ClCompile Include="Puzzles\lightsout-int.cpp">
      <Filter>Puzzles</Filter>
    </ClCompile>
    <ClCompile Include="Puzzles\Loopy.cpp">
      <Filter>Puzzles</Filter>
    </ClCompile>
    <ClCompile Include="Puzzles\Landscaper.cpp">
      <Filter>Puzzles</Filter>
    </ClCompile>
    <ClCompile Include="Puzzles\Lighthouses.cpp">
      <Filter>Puzzles</Filter>
    </ClCompile>
    <ClCompile Include="Puzzles\LightenUp.cpp">
      <Filter>Puzzles</Filter>
    </ClCompile>
    <ClCompile Include="Puzzles\LineSweeper.cpp">
      <Filter>Puzzles</Filter>
    </ClCompile>
    <ClCompile Include="Puzzles\LightBattleShips.cpp">
      <Filter>Puzzles</Filter>
    </ClCompile>
    <ClCompile Include="Puzzles\Lits.cpp">
      <Filter>Puzzles</Filter>
    </ClCompile>
    <ClCompile Include="Puzzles\Landscapes.cpp">
      <Filter>Puzzles</Filter>
    </ClCompile>
    <ClCompile Include="Puzzles\LightenUpGen.cpp">
      <Filter>Puzzles</Filter>
    </ClCompile>
    <ClCompile Include="..\PSL\pugixml.cpp">
      <Filter>Source Files</Filter>
    </ClCompile>
    <ClCompile Include="Puzzles\LakesAndMeadows.cpp">
      <Filter>Puzzles</Filter>
    </ClCompile>
    <ClCompile Include="Puzzles\LoopAndBlocks.cpp">
      <Filter>Puzzles</Filter>
    </ClCompile>
    <ClCompile Include="Puzzles\LiarLiar.cpp">
      <Filter>Puzzles</Filter>
    </ClCompile>
    <ClCompile Include="Puzzles\LightConnect.cpp">
      <Filter>Puzzles</Filter>
    </ClCompile>
  </ItemGroup>
  <ItemGroup>
    <Xml Include="Puzzles\lightsout_2000.xml">
      <Filter>Puzzles</Filter>
    </Xml>
    <Xml Include="Puzzles\lightsout_classic.xml">
      <Filter>Puzzles</Filter>
    </Xml>
    <Xml Include="Puzzles\lightsout_variants.xml">
      <Filter>Puzzles</Filter>
    </Xml>
    <Xml Include="Puzzles\lightsout-int.xml">
      <Filter>Puzzles</Filter>
    </Xml>
    <Xml Include="Puzzles\Loopy.xml">
      <Filter>Puzzles</Filter>
    </Xml>
    <Xml Include="Puzzles\Landscaper.xml">
      <Filter>Puzzles</Filter>
    </Xml>
    <Xml Include="Puzzles\Lighthouses.xml">
      <Filter>Puzzles</Filter>
    </Xml>
    <Xml Include="Puzzles\LightenUp.xml">
      <Filter>Puzzles</Filter>
    </Xml>
    <Xml Include="Puzzles\LineSweeper.xml">
      <Filter>Puzzles</Filter>
    </Xml>
    <Xml Include="Puzzles\LightBattleShips.xml">
      <Filter>Puzzles</Filter>
    </Xml>
    <Xml Include="Puzzles\Lits.xml">
      <Filter>Puzzles</Filter>
    </Xml>
    <Xml Include="Puzzles\Landscapes.xml">
      <Filter>Puzzles</Filter>
    </Xml>
    <Xml Include="Puzzles\LightenUp2.xml">
      <Filter>Puzzles</Filter>
    </Xml>
    <Xml Include="Puzzles\LakesAndMeadows.xml">
      <Filter>Puzzles</Filter>
    </Xml>
    <Xml Include="Puzzles\LightenUpTest.xml">
      <Filter>Puzzles</Filter>
    </Xml>
    <Xml Include="Puzzles\LoopAndBlocks.xml">
      <Filter>Puzzles</Filter>
    </Xml>
    <Xml Include="Puzzles\LiarLiar.xml">
      <Filter>Puzzles</Filter>
    </Xml>
    <Xml Include="Puzzles\LightConnect.xml">
      <Filter>Puzzles</Filter>
    </Xml>
  </ItemGroup>
</Project>