// !$*UTF8*$!
{
	archiveVersion = 1;
	classes = {
	};
	objectVersion = 54;
	objects = {

/* Begin PBXBuildFile section */
		8C689CB52E00383900A2BCCC /* FlowerbedShrubs.cpp in Sources */ = {isa = PBXBuildFile; fileRef = 8C689CB22E00383900A2BCCC /* FlowerbedShrubs.cpp */; };
		8C689CFF2E03F0A700A2BCCC /* FlowerOMino.cpp in Sources */ = {isa = PBXBuildFile; fileRef = 8C689CFC2E03F0A700A2BCCC /* FlowerOMino.cpp */; };
		8C689D392E08C2E500A2BCCC /* FunnyNumbers.cpp in Sources */ = {isa = PBXBuildFile; fileRef = 8C689D362E08C2E500A2BCCC /* FunnyNumbers.cpp */; };
		8C689D532E0CFEB000A2BCCC /* Fill.cpp in Sources */ = {isa = PBXBuildFile; fileRef = 8C689D502E0CFEB000A2BCCC /* Fill.cpp */; };
		8CA23F041EA924380055D6B1 /* main.cpp in Sources */ = {isa = PBXBuildFile; fileRef = 8CA23ECE1EA924380055D6B1 /* main.cpp */; };
		8CA23F1A1EA925F20055D6B1 /* stdafx.cpp in Sources */ = {isa = PBXBuildFile; fileRef = 8CA23F171EA925F20055D6B1 /* stdafx.cpp */; };
		8CA23F321EA927A80055D6B1 /* Position.cpp in Sources */ = {isa = PBXBuildFile; fileRef = 8CA23F281EA926F60055D6B1 /* Position.cpp */; };
		8CA23F331EA927AF0055D6B1 /* pugixml.cpp in Sources */ = {isa = PBXBuildFile; fileRef = 8CA23F2B1EA926F60055D6B1 /* pugixml.cpp */; };
		8CA23F341EA927B60055D6B1 /* stdafx.cpp in Sources */ = {isa = PBXBuildFile; fileRef = 8CA23F2F1EA926F60055D6B1 /* stdafx.cpp */; };
		8CA2402E1EB479B90055D6B1 /* FenceItUp.cpp in Sources */ = {isa = PBXBuildFile; fileRef = 8CA2400F1EB479B90055D6B1 /* FenceItUp.cpp */; };
		8CA2402F1EB479B90055D6B1 /* FenceLits.cpp in Sources */ = {isa = PBXBuildFile; fileRef = 8CA240121EB479B90055D6B1 /* FenceLits.cpp */; };
		8CA240301EB479B90055D6B1 /* FenceSentinels.cpp in Sources */ = {isa = PBXBuildFile; fileRef = 8CA240151EB479B90055D6B1 /* FenceSentinels.cpp */; };
		8CA240311EB479B90055D6B1 /* Fillomino.cpp in Sources */ = {isa = PBXBuildFile; fileRef = 8CA240181EB479B90055D6B1 /* Fillomino.cpp */; };
		8CA240321EB479B90055D6B1 /* fling.cpp in Sources */ = {isa = PBXBuildFile; fileRef = 8CA2401B1EB479B90055D6B1 /* fling.cpp */; };
		8CA240331EB479B90055D6B1 /* FourMeNot.cpp in Sources */ = {isa = PBXBuildFile; fileRef = 8CA240201EB479B90055D6B1 /* FourMeNot.cpp */; };
		8CA240351EB479B90055D6B1 /* FussyWaiter.cpp in Sources */ = {isa = PBXBuildFile; fileRef = 8CA240281EB479B90055D6B1 /* FussyWaiter.cpp */; };
		8CA240361EB479B90055D6B1 /* Futoshiki.cpp in Sources */ = {isa = PBXBuildFile; fileRef = 8CA2402B1EB479B90055D6B1 /* Futoshiki.cpp */; };
		95406C5D255FA37F00C87A0D /* FloorPlan.cpp in Sources */ = {isa = PBXBuildFile; fileRef = 95406C3D255FA27900C87A0D /* FloorPlan.cpp */; };
		95406C5F255FA38D00C87A0D /* FencingSheep.cpp in Sources */ = {isa = PBXBuildFile; fileRef = 95406C37255FA1B600C87A0D /* FencingSheep.cpp */; };
		958FA6282327E62400205831 /* FlowerBeds.cpp in Sources */ = {isa = PBXBuildFile; fileRef = 958FA6242327E62300205831 /* FlowerBeds.cpp */; };
		958FA6292327E62400205831 /* Farmer.cpp in Sources */ = {isa = PBXBuildFile; fileRef = 958FA6262327E62300205831 /* Farmer.cpp */; };
		958FA649232DE76E00205831 /* Fields.cpp in Sources */ = {isa = PBXBuildFile; fileRef = 958FA646232DE76D00205831 /* Fields.cpp */; };
		95D7B5FB23201437001E005C /* FreePlanks.cpp in Sources */ = {isa = PBXBuildFile; fileRef = 95D7B5FA23201437001E005C /* FreePlanks.cpp */; };
/* End PBXBuildFile section */

/* Begin PBXCopyFilesBuildPhase section */
		8CA23EC21EA9233C0055D6B1 /* CopyFiles */ = {
			isa = PBXCopyFilesBuildPhase;
			buildActionMask = 2147483647;
			dstPath = /usr/share/man/man1/;
			dstSubfolderSpec = 0;
			files = (
			);
			runOnlyForDeploymentPostprocessing = 1;
		};
/* End PBXCopyFilesBuildPhase section */

/* Begin PBXFileReference section */
		8C5F12932DE3786000BB3341 /* PSLhelper.h */ = {isa = PBXFileReference; lastKnownFileType = sourcecode.c.h; path = PSLhelper.h; sourceTree = "<group>"; };
		8C5F12942DE3786000BB3341 /* solve_puzzle_p.h */ = {isa = PBXFileReference; lastKnownFileType = sourcecode.c.h; path = solve_puzzle_p.h; sourceTree = "<group>"; };
		8C689CB22E00383900A2BCCC /* FlowerbedShrubs.cpp */ = {isa = PBXFileReference; lastKnownFileType = sourcecode.cpp.cpp; path = FlowerbedShrubs.cpp; sourceTree = "<group>"; };
		8C689CB32E00383900A2BCCC /* FlowerbedShrubs.txt */ = {isa = PBXFileReference; lastKnownFileType = text; path = FlowerbedShrubs.txt; sourceTree = "<group>"; };
		8C689CB42E00383900A2BCCC /* FlowerbedShrubs.xml */ = {isa = PBXFileReference; lastKnownFileType = text.xml; path = FlowerbedShrubs.xml; sourceTree = "<group>"; };
		8C689CFC2E03F0A700A2BCCC /* FlowerOMino.cpp */ = {isa = PBXFileReference; lastKnownFileType = sourcecode.cpp.cpp; path = FlowerOMino.cpp; sourceTree = "<group>"; };
		8C689CFD2E03F0A700A2BCCC /* FlowerOMino.txt */ = {isa = PBXFileReference; lastKnownFileType = text; path = FlowerOMino.txt; sourceTree = "<group>"; };
		8C689CFE2E03F0A700A2BCCC /* FlowerOMino.xml */ = {isa = PBXFileReference; lastKnownFileType = text.xml; path = FlowerOMino.xml; sourceTree = "<group>"; };
		8C689D362E08C2E500A2BCCC /* FunnyNumbers.cpp */ = {isa = PBXFileReference; lastKnownFileType = sourcecode.cpp.cpp; path = FunnyNumbers.cpp; sourceTree = "<group>"; };
		8C689D372E08C2E500A2BCCC /* FunnyNumbers.txt */ = {isa = PBXFileReference; lastKnownFileType = text; path = FunnyNumbers.txt; sourceTree = "<group>"; };
		8C689D382E08C2E500A2BCCC /* FunnyNumbers.xml */ = {isa = PBXFileReference; lastKnownFileType = text.xml; path = FunnyNumbers.xml; sourceTree = "<group>"; };
		8C689D502E0CFEB000A2BCCC /* Fill.cpp */ = {isa = PBXFileReference; lastKnownFileType = sourcecode.cpp.cpp; path = Fill.cpp; sourceTree = "<group>"; };
		8C689D512E0CFEB000A2BCCC /* Fill.txt */ = {isa = PBXFileReference; lastKnownFileType = text; path = Fill.txt; sourceTree = "<group>"; };
		8C689D522E0CFEB000A2BCCC /* Fill.xml */ = {isa = PBXFileReference; lastKnownFileType = text.xml; path = Fill.xml; sourceTree = "<group>"; };
		8CA23EC41EA9233C0055D6B1 /* PuzzlesF */ = {isa = PBXFileReference; explicitFileType = "compiled.mach-o.executable"; includeInIndex = 0; path = PuzzlesF; sourceTree = BUILT_PRODUCTS_DIR; };
		8CA23ECE1EA924380055D6B1 /* main.cpp */ = {isa = PBXFileReference; fileEncoding = 4; lastKnownFileType = sourcecode.cpp.cpp; path = main.cpp; sourceTree = "<group>"; };
		8CA23F171EA925F20055D6B1 /* stdafx.cpp */ = {isa = PBXFileReference; fileEncoding = 4; lastKnownFileType = sourcecode.cpp.cpp; path = stdafx.cpp; sourceTree = "<group>"; };
		8CA23F181EA925F20055D6B1 /* stdafx.h */ = {isa = PBXFileReference; fileEncoding = 4; lastKnownFileType = sourcecode.c.h; path = stdafx.h; sourceTree = "<group>"; };
		8CA23F191EA925F20055D6B1 /* targetver.h */ = {isa = PBXFileReference; fileEncoding = 4; lastKnownFileType = sourcecode.c.h; path = targetver.h; sourceTree = "<group>"; };
		8CA23F1D1EA926F60055D6B1 /* astar_solver.h */ = {isa = PBXFileReference; lastKnownFileType = sourcecode.c.h; path = astar_solver.h; sourceTree = "<group>"; };
		8CA23F1E1EA926F60055D6B1 /* bfs_move_gen.h */ = {isa = PBXFileReference; lastKnownFileType = sourcecode.c.h; path = bfs_move_gen.h; sourceTree = "<group>"; };
		8CA23F1F1EA926F60055D6B1 /* bfs_solver.h */ = {isa = PBXFileReference; lastKnownFileType = sourcecode.c.h; path = bfs_solver.h; sourceTree = "<group>"; };
		8CA23F201EA926F60055D6B1 /* dfs_solver.h */ = {isa = PBXFileReference; lastKnownFileType = sourcecode.c.h; path = dfs_solver.h; sourceTree = "<group>"; };
		8CA23F211EA926F60055D6B1 /* dijkstra_solver.h */ = {isa = PBXFileReference; lastKnownFileType = sourcecode.c.h; path = dijkstra_solver.h; sourceTree = "<group>"; };
		8CA23F221EA926F60055D6B1 /* idastar_search.hpp */ = {isa = PBXFileReference; lastKnownFileType = sourcecode.cpp.h; path = idastar_search.hpp; sourceTree = "<group>"; };
		8CA23F231EA926F60055D6B1 /* idastar_solver.h */ = {isa = PBXFileReference; lastKnownFileType = sourcecode.c.h; path = idastar_solver.h; sourceTree = "<group>"; };
		8CA23F241EA926F60055D6B1 /* idastar_solver2.h */ = {isa = PBXFileReference; lastKnownFileType = sourcecode.c.h; path = idastar_solver2.h; sourceTree = "<group>"; };
		8CA23F251EA926F60055D6B1 /* iddfs_solver.h */ = {isa = PBXFileReference; lastKnownFileType = sourcecode.c.h; path = iddfs_solver.h; sourceTree = "<group>"; };
		8CA23F261EA926F60055D6B1 /* nonconst_bfs.hpp */ = {isa = PBXFileReference; lastKnownFileType = sourcecode.cpp.h; path = nonconst_bfs.hpp; sourceTree = "<group>"; };
		8CA23F271EA926F60055D6B1 /* nonconst_dfs.hpp */ = {isa = PBXFileReference; lastKnownFileType = sourcecode.cpp.h; path = nonconst_dfs.hpp; sourceTree = "<group>"; };
		8CA23F281EA926F60055D6B1 /* Position.cpp */ = {isa = PBXFileReference; lastKnownFileType = sourcecode.cpp.cpp; path = Position.cpp; sourceTree = "<group>"; };
		8CA23F291EA926F60055D6B1 /* Position.h */ = {isa = PBXFileReference; lastKnownFileType = sourcecode.c.h; path = Position.h; sourceTree = "<group>"; };
		8CA23F2A1EA926F60055D6B1 /* pugiconfig.hpp */ = {isa = PBXFileReference; lastKnownFileType = sourcecode.cpp.h; path = pugiconfig.hpp; sourceTree = "<group>"; };
		8CA23F2B1EA926F60055D6B1 /* pugixml.cpp */ = {isa = PBXFileReference; lastKnownFileType = sourcecode.cpp.cpp; path = pugixml.cpp; sourceTree = "<group>"; };
		8CA23F2C1EA926F60055D6B1 /* pugixml.hpp */ = {isa = PBXFileReference; lastKnownFileType = sourcecode.cpp.h; path = pugixml.hpp; sourceTree = "<group>"; };
		8CA23F2D1EA926F60055D6B1 /* ReadMe.txt */ = {isa = PBXFileReference; lastKnownFileType = text; path = ReadMe.txt; sourceTree = "<group>"; };
		8CA23F2E1EA926F60055D6B1 /* solve_puzzle.h */ = {isa = PBXFileReference; lastKnownFileType = sourcecode.c.h; path = solve_puzzle.h; sourceTree = "<group>"; };
		8CA23F2F1EA926F60055D6B1 /* stdafx.cpp */ = {isa = PBXFileReference; lastKnownFileType = sourcecode.cpp.cpp; path = stdafx.cpp; sourceTree = "<group>"; };
		8CA23F301EA926F60055D6B1 /* stdafx.h */ = {isa = PBXFileReference; lastKnownFileType = sourcecode.c.h; path = stdafx.h; sourceTree = "<group>"; };
		8CA23F311EA926F60055D6B1 /* targetver.h */ = {isa = PBXFileReference; lastKnownFileType = sourcecode.c.h; path = targetver.h; sourceTree = "<group>"; };
		8CA2400F1EB479B90055D6B1 /* FenceItUp.cpp */ = {isa = PBXFileReference; fileEncoding = 4; lastKnownFileType = sourcecode.cpp.cpp; path = FenceItUp.cpp; sourceTree = "<group>"; };
		8CA240101EB479B90055D6B1 /* FenceItUp.txt */ = {isa = PBXFileReference; fileEncoding = 4; lastKnownFileType = text; path = FenceItUp.txt; sourceTree = "<group>"; };
		8CA240111EB479B90055D6B1 /* FenceItUp.xml */ = {isa = PBXFileReference; fileEncoding = 4; lastKnownFileType = text.xml; path = FenceItUp.xml; sourceTree = "<group>"; };
		8CA240121EB479B90055D6B1 /* FenceLits.cpp */ = {isa = PBXFileReference; fileEncoding = 4; lastKnownFileType = sourcecode.cpp.cpp; path = FenceLits.cpp; sourceTree = "<group>"; };
		8CA240131EB479B90055D6B1 /* FenceLits.txt */ = {isa = PBXFileReference; fileEncoding = 4; lastKnownFileType = text; path = FenceLits.txt; sourceTree = "<group>"; };
		8CA240141EB479B90055D6B1 /* FenceLits.xml */ = {isa = PBXFileReference; fileEncoding = 4; lastKnownFileType = text.xml; path = FenceLits.xml; sourceTree = "<group>"; };
		8CA240151EB479B90055D6B1 /* FenceSentinels.cpp */ = {isa = PBXFileReference; fileEncoding = 4; lastKnownFileType = sourcecode.cpp.cpp; path = FenceSentinels.cpp; sourceTree = "<group>"; };
		8CA240161EB479B90055D6B1 /* FenceSentinels.txt */ = {isa = PBXFileReference; fileEncoding = 4; lastKnownFileType = text; path = FenceSentinels.txt; sourceTree = "<group>"; };
		8CA240171EB479B90055D6B1 /* FenceSentinels.xml */ = {isa = PBXFileReference; fileEncoding = 4; lastKnownFileType = text.xml; path = FenceSentinels.xml; sourceTree = "<group>"; };
		8CA240181EB479B90055D6B1 /* Fillomino.cpp */ = {isa = PBXFileReference; fileEncoding = 4; lastKnownFileType = sourcecode.cpp.cpp; path = Fillomino.cpp; sourceTree = "<group>"; };
		8CA240191EB479B90055D6B1 /* Fillomino.txt */ = {isa = PBXFileReference; fileEncoding = 4; lastKnownFileType = text; path = Fillomino.txt; sourceTree = "<group>"; };
		8CA2401A1EB479B90055D6B1 /* Fillomino.xml */ = {isa = PBXFileReference; fileEncoding = 4; lastKnownFileType = text.xml; path = Fillomino.xml; sourceTree = "<group>"; };
		8CA2401B1EB479B90055D6B1 /* fling.cpp */ = {isa = PBXFileReference; fileEncoding = 4; lastKnownFileType = sourcecode.cpp.cpp; path = fling.cpp; sourceTree = "<group>"; };
		8CA2401C1EB479B90055D6B1 /* fling.txt */ = {isa = PBXFileReference; fileEncoding = 4; lastKnownFileType = text; path = fling.txt; sourceTree = "<group>"; };
		8CA2401D1EB479B90055D6B1 /* fling.xml */ = {isa = PBXFileReference; fileEncoding = 4; lastKnownFileType = text.xml; path = fling.xml; sourceTree = "<group>"; };
		8CA2401E1EB479B90055D6B1 /* fling2.xml */ = {isa = PBXFileReference; fileEncoding = 4; lastKnownFileType = text.xml; path = fling2.xml; sourceTree = "<group>"; };
		8CA2401F1EB479B90055D6B1 /* fling3.xml */ = {isa = PBXFileReference; fileEncoding = 4; lastKnownFileType = text.xml; path = fling3.xml; sourceTree = "<group>"; };
		8CA240201EB479B90055D6B1 /* FourMeNot.cpp */ = {isa = PBXFileReference; fileEncoding = 4; lastKnownFileType = sourcecode.cpp.cpp; path = FourMeNot.cpp; sourceTree = "<group>"; };
		8CA240211EB479B90055D6B1 /* FourMeNot.txt */ = {isa = PBXFileReference; fileEncoding = 4; lastKnownFileType = text; path = FourMeNot.txt; sourceTree = "<group>"; };
		8CA240221EB479B90055D6B1 /* FourMeNot.xml */ = {isa = PBXFileReference; fileEncoding = 4; lastKnownFileType = text.xml; path = FourMeNot.xml; sourceTree = "<group>"; };
		8CA240281EB479B90055D6B1 /* FussyWaiter.cpp */ = {isa = PBXFileReference; fileEncoding = 4; lastKnownFileType = sourcecode.cpp.cpp; path = FussyWaiter.cpp; sourceTree = "<group>"; };
		8CA240291EB479B90055D6B1 /* FussyWaiter.txt */ = {isa = PBXFileReference; fileEncoding = 4; lastKnownFileType = text; path = FussyWaiter.txt; sourceTree = "<group>"; };
		8CA2402A1EB479B90055D6B1 /* FussyWaiter.xml */ = {isa = PBXFileReference; fileEncoding = 4; lastKnownFileType = text.xml; path = FussyWaiter.xml; sourceTree = "<group>"; };
		8CA2402B1EB479B90055D6B1 /* Futoshiki.cpp */ = {isa = PBXFileReference; fileEncoding = 4; lastKnownFileType = sourcecode.cpp.cpp; path = Futoshiki.cpp; sourceTree = "<group>"; };
		8CA2402C1EB479B90055D6B1 /* Futoshiki.txt */ = {isa = PBXFileReference; fileEncoding = 4; lastKnownFileType = text; path = Futoshiki.txt; sourceTree = "<group>"; };
		8CA2402D1EB479B90055D6B1 /* Futoshiki.xml */ = {isa = PBXFileReference; fileEncoding = 4; lastKnownFileType = text.xml; path = Futoshiki.xml; sourceTree = "<group>"; };
		95406C36255FA1B600C87A0D /* FencingSheep.txt */ = {isa = PBXFileReference; lastKnownFileType = text; path = FencingSheep.txt; sourceTree = "<group>"; };
		95406C37255FA1B600C87A0D /* FencingSheep.cpp */ = {isa = PBXFileReference; lastKnownFileType = sourcecode.cpp.cpp; path = FencingSheep.cpp; sourceTree = "<group>"; };
		95406C38255FA1B600C87A0D /* FencingSheep.xml */ = {isa = PBXFileReference; lastKnownFileType = text.xml; path = FencingSheep.xml; sourceTree = "<group>"; };
		95406C3C255FA27900C87A0D /* FloorPlan.xml */ = {isa = PBXFileReference; lastKnownFileType = text.xml; path = FloorPlan.xml; sourceTree = "<group>"; };
		95406C3D255FA27900C87A0D /* FloorPlan.cpp */ = {isa = PBXFileReference; lastKnownFileType = sourcecode.cpp.cpp; path = FloorPlan.cpp; sourceTree = "<group>"; };
		95406C3E255FA27900C87A0D /* FloorPlan.txt */ = {isa = PBXFileReference; lastKnownFileType = text; path = FloorPlan.txt; sourceTree = "<group>"; };
		958FA6222327E62300205831 /* Farmer.xml */ = {isa = PBXFileReference; fileEncoding = 4; lastKnownFileType = text.xml; path = Farmer.xml; sourceTree = "<group>"; };
		958FA6232327E62300205831 /* FlowerBeds.xml */ = {isa = PBXFileReference; fileEncoding = 4; lastKnownFileType = text.xml; path = FlowerBeds.xml; sourceTree = "<group>"; };
		958FA6242327E62300205831 /* FlowerBeds.cpp */ = {isa = PBXFileReference; fileEncoding = 4; lastKnownFileType = sourcecode.cpp.cpp; path = FlowerBeds.cpp; sourceTree = "<group>"; };
		958FA6252327E62300205831 /* Farmer.txt */ = {isa = PBXFileReference; fileEncoding = 4; lastKnownFileType = text; path = Farmer.txt; sourceTree = "<group>"; };
		958FA6262327E62300205831 /* Farmer.cpp */ = {isa = PBXFileReference; fileEncoding = 4; lastKnownFileType = sourcecode.cpp.cpp; path = Farmer.cpp; sourceTree = "<group>"; };
		958FA6272327E62400205831 /* FlowerBeds.txt */ = {isa = PBXFileReference; fileEncoding = 4; lastKnownFileType = text; path = FlowerBeds.txt; sourceTree = "<group>"; };
		958FA646232DE76D00205831 /* Fields.cpp */ = {isa = PBXFileReference; fileEncoding = 4; lastKnownFileType = sourcecode.cpp.cpp; path = Fields.cpp; sourceTree = "<group>"; };
		958FA647232DE76D00205831 /* Fields.txt */ = {isa = PBXFileReference; fileEncoding = 4; lastKnownFileType = text; path = Fields.txt; sourceTree = "<group>"; };
		958FA648232DE76E00205831 /* Fields.xml */ = {isa = PBXFileReference; fileEncoding = 4; lastKnownFileType = text.xml; path = Fields.xml; sourceTree = "<group>"; };
		95D7B5F823201436001E005C /* FreePlanks.xml */ = {isa = PBXFileReference; fileEncoding = 4; lastKnownFileType = text.xml; path = FreePlanks.xml; sourceTree = "<group>"; };
		95D7B5F923201437001E005C /* FreePlanks.txt */ = {isa = PBXFileReference; fileEncoding = 4; lastKnownFileType = text; path = FreePlanks.txt; sourceTree = "<group>"; };
		95D7B5FA23201437001E005C /* FreePlanks.cpp */ = {isa = PBXFileReference; fileEncoding = 4; lastKnownFileType = sourcecode.cpp.cpp; path = FreePlanks.cpp; sourceTree = "<group>"; };
/* End PBXFileReference section */

/* Begin PBXFrameworksBuildPhase section */
		8CA23EC11EA9233C0055D6B1 /* Frameworks */ = {
			isa = PBXFrameworksBuildPhase;
			buildActionMask = 2147483647;
			files = (
			);
			runOnlyForDeploymentPostprocessing = 0;
		};
/* End PBXFrameworksBuildPhase section */

/* Begin PBXGroup section */
		8CA23EBB1EA9233C0055D6B1 = {
			isa = PBXGroup;
			children = (
				8CA23F1B1EA926F60055D6B1 /* PSL */,
				8CA23ECE1EA924380055D6B1 /* main.cpp */,
				8CA23F171EA925F20055D6B1 /* stdafx.cpp */,
				8CA23F181EA925F20055D6B1 /* stdafx.h */,
				8CA23F191EA925F20055D6B1 /* targetver.h */,
				8CA23ECF1EA924380055D6B1 /* Puzzles */,
				8CA23EC51EA9233C0055D6B1 /* Products */,
			);
			sourceTree = "<group>";
		};
		8CA23EC51EA9233C0055D6B1 /* Products */ = {
			isa = PBXGroup;
			children = (
				8CA23EC41EA9233C0055D6B1 /* PuzzlesF */,
			);
			name = Products;
			sourceTree = "<group>";
		};
		8CA23ECF1EA924380055D6B1 /* Puzzles */ = {
			isa = PBXGroup;
			children = (
				958FA6262327E62300205831 /* Farmer.cpp */,
				958FA6252327E62300205831 /* Farmer.txt */,
				958FA6222327E62300205831 /* Farmer.xml */,
				8CA2400F1EB479B90055D6B1 /* FenceItUp.cpp */,
				8CA240101EB479B90055D6B1 /* FenceItUp.txt */,
				8CA240111EB479B90055D6B1 /* FenceItUp.xml */,
				8CA240121EB479B90055D6B1 /* FenceLits.cpp */,
				8CA240131EB479B90055D6B1 /* FenceLits.txt */,
				8CA240141EB479B90055D6B1 /* FenceLits.xml */,
				8CA240151EB479B90055D6B1 /* FenceSentinels.cpp */,
				8CA240161EB479B90055D6B1 /* FenceSentinels.txt */,
				8CA240171EB479B90055D6B1 /* FenceSentinels.xml */,
				95406C37255FA1B600C87A0D /* FencingSheep.cpp */,
				95406C36255FA1B600C87A0D /* FencingSheep.txt */,
				95406C38255FA1B600C87A0D /* FencingSheep.xml */,
				958FA646232DE76D00205831 /* Fields.cpp */,
				958FA647232DE76D00205831 /* Fields.txt */,
				958FA648232DE76E00205831 /* Fields.xml */,
				8C689D502E0CFEB000A2BCCC /* Fill.cpp */,
				8C689D512E0CFEB000A2BCCC /* Fill.txt */,
				8C689D522E0CFEB000A2BCCC /* Fill.xml */,
				8CA240181EB479B90055D6B1 /* Fillomino.cpp */,
				8CA240191EB479B90055D6B1 /* Fillomino.txt */,
				8CA2401A1EB479B90055D6B1 /* Fillomino.xml */,
				8CA2401B1EB479B90055D6B1 /* fling.cpp */,
				8CA2401C1EB479B90055D6B1 /* fling.txt */,
				8CA2401D1EB479B90055D6B1 /* fling.xml */,
				8CA2401E1EB479B90055D6B1 /* fling2.xml */,
				8CA2401F1EB479B90055D6B1 /* fling3.xml */,
				95406C3D255FA27900C87A0D /* FloorPlan.cpp */,
				95406C3E255FA27900C87A0D /* FloorPlan.txt */,
				95406C3C255FA27900C87A0D /* FloorPlan.xml */,
				958FA6242327E62300205831 /* FlowerBeds.cpp */,
				958FA6272327E62400205831 /* FlowerBeds.txt */,
				958FA6232327E62300205831 /* FlowerBeds.xml */,
				8C689CB22E00383900A2BCCC /* FlowerbedShrubs.cpp */,
				8C689CB32E00383900A2BCCC /* FlowerbedShrubs.txt */,
				8C689CB42E00383900A2BCCC /* FlowerbedShrubs.xml */,
				8C689CFC2E03F0A700A2BCCC /* FlowerOMino.cpp */,
				8C689CFD2E03F0A700A2BCCC /* FlowerOMino.txt */,
				8C689CFE2E03F0A700A2BCCC /* FlowerOMino.xml */,
				8CA240201EB479B90055D6B1 /* FourMeNot.cpp */,
				8CA240211EB479B90055D6B1 /* FourMeNot.txt */,
				8CA240221EB479B90055D6B1 /* FourMeNot.xml */,
				95D7B5FA23201437001E005C /* FreePlanks.cpp */,
				95D7B5F923201437001E005C /* FreePlanks.txt */,
				95D7B5F823201436001E005C /* FreePlanks.xml */,
				8C689D362E08C2E500A2BCCC /* FunnyNumbers.cpp */,
				8C689D372E08C2E500A2BCCC /* FunnyNumbers.txt */,
				8C689D382E08C2E500A2BCCC /* FunnyNumbers.xml */,
				8CA240281EB479B90055D6B1 /* FussyWaiter.cpp */,
				8CA240291EB479B90055D6B1 /* FussyWaiter.txt */,
				8CA2402A1EB479B90055D6B1 /* FussyWaiter.xml */,
				8CA2402B1EB479B90055D6B1 /* Futoshiki.cpp */,
				8CA2402C1EB479B90055D6B1 /* Futoshiki.txt */,
				8CA2402D1EB479B90055D6B1 /* Futoshiki.xml */,
			);
			path = Puzzles;
			sourceTree = "<group>";
		};
		8CA23F1B1EA926F60055D6B1 /* PSL */ = {
			isa = PBXGroup;
			children = (
				8CA23F1D1EA926F60055D6B1 /* astar_solver.h */,
				8CA23F1E1EA926F60055D6B1 /* bfs_move_gen.h */,
				8CA23F1F1EA926F60055D6B1 /* bfs_solver.h */,
				8CA23F201EA926F60055D6B1 /* dfs_solver.h */,
				8CA23F211EA926F60055D6B1 /* dijkstra_solver.h */,
				8CA23F221EA926F60055D6B1 /* idastar_search.hpp */,
				8CA23F231EA926F60055D6B1 /* idastar_solver.h */,
				8CA23F241EA926F60055D6B1 /* idastar_solver2.h */,
				8CA23F251EA926F60055D6B1 /* iddfs_solver.h */,
				8CA23F261EA926F60055D6B1 /* nonconst_bfs.hpp */,
				8CA23F271EA926F60055D6B1 /* nonconst_dfs.hpp */,
				8CA23F291EA926F60055D6B1 /* Position.h */,
				8CA23F281EA926F60055D6B1 /* Position.cpp */,
				8C5F12932DE3786000BB3341 /* PSLhelper.h */,
				8CA23F2A1EA926F60055D6B1 /* pugiconfig.hpp */,
				8CA23F2C1EA926F60055D6B1 /* pugixml.hpp */,
				8CA23F2B1EA926F60055D6B1 /* pugixml.cpp */,
				8CA23F2D1EA926F60055D6B1 /* ReadMe.txt */,
				8CA23F2E1EA926F60055D6B1 /* solve_puzzle.h */,
				8C5F12942DE3786000BB3341 /* solve_puzzle_p.h */,
				8CA23F301EA926F60055D6B1 /* stdafx.h */,
				8CA23F2F1EA926F60055D6B1 /* stdafx.cpp */,
				8CA23F311EA926F60055D6B1 /* targetver.h */,
			);
			name = PSL;
			path = ../PSL;
			sourceTree = "<group>";
		};
/* End PBXGroup section */

/* Begin PBXNativeTarget section */
		8CA23EC31EA9233C0055D6B1 /* PuzzlesF */ = {
			isa = PBXNativeTarget;
			buildConfigurationList = 8CA23ECB1EA9233C0055D6B1 /* Build configuration list for PBXNativeTarget "PuzzlesF" */;
			buildPhases = (
				8CA23EC01EA9233C0055D6B1 /* Sources */,
				8CA23EC11EA9233C0055D6B1 /* Frameworks */,
				8CA23EC21EA9233C0055D6B1 /* CopyFiles */,
			);
			buildRules = (
			);
			dependencies = (
			);
			name = PuzzlesF;
			productName = PuzzlesM;
			productReference = 8CA23EC41EA9233C0055D6B1 /* PuzzlesF */;
			productType = "com.apple.product-type.tool";
		};
/* End PBXNativeTarget section */

/* Begin PBXProject section */
		8CA23EBC1EA9233C0055D6B1 /* Project object */ = {
			isa = PBXProject;
			attributes = {
				BuildIndependentTargetsInParallel = YES;
				LastUpgradeCheck = 1630;
				ORGANIZATIONNAME = "趙偉";
				TargetAttributes = {
					8CA23EC31EA9233C0055D6B1 = {
						CreatedOnToolsVersion = 8.2;
						DevelopmentTeam = U259NHMY78;
						ProvisioningStyle = Automatic;
					};
				};
			};
			buildConfigurationList = 8CA23EBF1EA9233C0055D6B1 /* Build configuration list for PBXProject "PuzzlesF" */;
			compatibilityVersion = "Xcode 11.0";
			developmentRegion = en;
			hasScannedForEncodings = 0;
			knownRegions = (
				en,
				Base,
			);
			mainGroup = 8CA23EBB1EA9233C0055D6B1;
			productRefGroup = 8CA23EC51EA9233C0055D6B1 /* Products */;
			projectDirPath = "";
			projectRoot = "";
			targets = (
				8CA23EC31EA9233C0055D6B1 /* PuzzlesF */,
			);
		};
/* End PBXProject section */

/* Begin PBXSourcesBuildPhase section */
		8CA23EC01EA9233C0055D6B1 /* Sources */ = {
			isa = PBXSourcesBuildPhase;
			buildActionMask = 2147483647;
			files = (
				958FA649232DE76E00205831 /* Fields.cpp in Sources */,
				8CA23F1A1EA925F20055D6B1 /* stdafx.cpp in Sources */,
				8C689CB52E00383900A2BCCC /* FlowerbedShrubs.cpp in Sources */,
				8CA240301EB479B90055D6B1 /* FenceSentinels.cpp in Sources */,
				8CA2402F1EB479B90055D6B1 /* FenceLits.cpp in Sources */,
				8CA2402E1EB479B90055D6B1 /* FenceItUp.cpp in Sources */,
				8CA23F321EA927A80055D6B1 /* Position.cpp in Sources */,
				8CA240361EB479B90055D6B1 /* Futoshiki.cpp in Sources */,
				8C689D532E0CFEB000A2BCCC /* Fill.cpp in Sources */,
				958FA6292327E62400205831 /* Farmer.cpp in Sources */,
				95406C5D255FA37F00C87A0D /* FloorPlan.cpp in Sources */,
				8CA240311EB479B90055D6B1 /* Fillomino.cpp in Sources */,
				8C689D392E08C2E500A2BCCC /* FunnyNumbers.cpp in Sources */,
				8CA240351EB479B90055D6B1 /* FussyWaiter.cpp in Sources */,
				8CA23F041EA924380055D6B1 /* main.cpp in Sources */,
				95D7B5FB23201437001E005C /* FreePlanks.cpp in Sources */,
				8C689CFF2E03F0A700A2BCCC /* FlowerOMino.cpp in Sources */,
				8CA23F331EA927AF0055D6B1 /* pugixml.cpp in Sources */,
				958FA6282327E62400205831 /* FlowerBeds.cpp in Sources */,
				95406C5F255FA38D00C87A0D /* FencingSheep.cpp in Sources */,
				8CA240321EB479B90055D6B1 /* fling.cpp in Sources */,
				8CA23F341EA927B60055D6B1 /* stdafx.cpp in Sources */,
				8CA240331EB479B90055D6B1 /* FourMeNot.cpp in Sources */,
			);
			runOnlyForDeploymentPostprocessing = 0;
		};
/* End PBXSourcesBuildPhase section */

/* Begin XCBuildConfiguration section */
		8CA23EC91EA9233C0055D6B1 /* Debug */ = {
			isa = XCBuildConfiguration;
			buildSettings = {
				ALWAYS_SEARCH_USER_PATHS = NO;
				CLANG_ANALYZER_LOCALIZABILITY_NONLOCALIZED = YES;
				CLANG_ANALYZER_NONNULL = YES;
				CLANG_CXX_LANGUAGE_STANDARD = "gnu++23";
				CLANG_CXX_LIBRARY = "libc++";
				CLANG_ENABLE_MODULES = YES;
				CLANG_ENABLE_OBJC_ARC = YES;
				CLANG_WARN_BLOCK_CAPTURE_AUTORELEASING = YES;
				CLANG_WARN_BOOL_CONVERSION = YES;
				CLANG_WARN_COMMA = YES;
				CLANG_WARN_CONSTANT_CONVERSION = YES;
				CLANG_WARN_DEPRECATED_OBJC_IMPLEMENTATIONS = YES;
				CLANG_WARN_DIRECT_OBJC_ISA_USAGE = YES_ERROR;
				CLANG_WARN_DOCUMENTATION_COMMENTS = NO;
				CLANG_WARN_EMPTY_BODY = YES;
				CLANG_WARN_ENUM_CONVERSION = YES;
				CLANG_WARN_INFINITE_RECURSION = YES;
				CLANG_WARN_INT_CONVERSION = YES;
				CLANG_WARN_NON_LITERAL_NULL_CONVERSION = YES;
				CLANG_WARN_OBJC_IMPLICIT_RETAIN_SELF = YES;
				CLANG_WARN_OBJC_LITERAL_CONVERSION = YES;
				CLANG_WARN_OBJC_ROOT_CLASS = YES_ERROR;
				CLANG_WARN_QUOTED_INCLUDE_IN_FRAMEWORK_HEADER = YES;
				CLANG_WARN_RANGE_LOOP_ANALYSIS = YES;
				CLANG_WARN_STRICT_PROTOTYPES = YES;
				CLANG_WARN_SUSPICIOUS_MOVE = YES;
				CLANG_WARN_UNREACHABLE_CODE = YES;
				CLANG_WARN__DUPLICATE_METHOD_MATCH = YES;
				CODE_SIGN_IDENTITY = "-";
				COPY_PHASE_STRIP = NO;
				DEAD_CODE_STRIPPING = YES;
				DEBUG_INFORMATION_FORMAT = dwarf;
				DEVELOPMENT_TEAM = U259NHMY78;
				ENABLE_STRICT_OBJC_MSGSEND = YES;
				ENABLE_TESTABILITY = YES;
				ENABLE_USER_SCRIPT_SANDBOXING = YES;
				GCC_C_LANGUAGE_STANDARD = gnu23;
				GCC_DYNAMIC_NO_PIC = NO;
				GCC_NO_COMMON_BLOCKS = YES;
				GCC_OPTIMIZATION_LEVEL = 0;
				GCC_PREPROCESSOR_DEFINITIONS = (
					"DEBUG=1",
					"$(inherited)",
				);
				GCC_WARN_64_TO_32_BIT_CONVERSION = YES;
				GCC_WARN_ABOUT_RETURN_TYPE = YES_ERROR;
				GCC_WARN_UNDECLARED_SELECTOR = YES;
				GCC_WARN_UNINITIALIZED_AUTOS = YES_AGGRESSIVE;
				GCC_WARN_UNUSED_FUNCTION = YES;
				GCC_WARN_UNUSED_VARIABLE = YES;
				HEADER_SEARCH_PATHS = $BoostHeader;
				MTL_ENABLE_DEBUG_INFO = YES;
				ONLY_ACTIVE_ARCH = YES;
				SDKROOT = macosx;
			};
			name = Debug;
		};
		8CA23ECA1EA9233C0055D6B1 /* Release */ = {
			isa = XCBuildConfiguration;
			buildSettings = {
				ALWAYS_SEARCH_USER_PATHS = NO;
				CLANG_ANALYZER_LOCALIZABILITY_NONLOCALIZED = YES;
				CLANG_ANALYZER_NONNULL = YES;
				CLANG_CXX_LANGUAGE_STANDARD = "gnu++23";
				CLANG_CXX_LIBRARY = "libc++";
				CLANG_ENABLE_MODULES = YES;
				CLANG_ENABLE_OBJC_ARC = YES;
				CLANG_WARN_BLOCK_CAPTURE_AUTORELEASING = YES;
				CLANG_WARN_BOOL_CONVERSION = YES;
				CLANG_WARN_COMMA = YES;
				CLANG_WARN_CONSTANT_CONVERSION = YES;
				CLANG_WARN_DEPRECATED_OBJC_IMPLEMENTATIONS = YES;
				CLANG_WARN_DIRECT_OBJC_ISA_USAGE = YES_ERROR;
				CLANG_WARN_DOCUMENTATION_COMMENTS = NO;
				CLANG_WARN_EMPTY_BODY = YES;
				CLANG_WARN_ENUM_CONVERSION = YES;
				CLANG_WARN_INFINITE_RECURSION = YES;
				CLANG_WARN_INT_CONVERSION = YES;
				CLANG_WARN_NON_LITERAL_NULL_CONVERSION = YES;
				CLANG_WARN_OBJC_IMPLICIT_RETAIN_SELF = YES;
				CLANG_WARN_OBJC_LITERAL_CONVERSION = YES;
				CLANG_WARN_OBJC_ROOT_CLASS = YES_ERROR;
				CLANG_WARN_QUOTED_INCLUDE_IN_FRAMEWORK_HEADER = YES;
				CLANG_WARN_RANGE_LOOP_ANALYSIS = YES;
				CLANG_WARN_STRICT_PROTOTYPES = YES;
				CLANG_WARN_SUSPICIOUS_MOVE = YES;
				CLANG_WARN_UNREACHABLE_CODE = YES;
				CLANG_WARN__DUPLICATE_METHOD_MATCH = YES;
				CODE_SIGN_IDENTITY = "-";
				COPY_PHASE_STRIP = NO;
				DEAD_CODE_STRIPPING = YES;
				DEBUG_INFORMATION_FORMAT = "dwarf-with-dsym";
				DEVELOPMENT_TEAM = U259NHMY78;
				ENABLE_NS_ASSERTIONS = NO;
				ENABLE_STRICT_OBJC_MSGSEND = YES;
				ENABLE_USER_SCRIPT_SANDBOXING = YES;
				GCC_C_LANGUAGE_STANDARD = gnu23;
				GCC_NO_COMMON_BLOCKS = YES;
				GCC_WARN_64_TO_32_BIT_CONVERSION = YES;
				GCC_WARN_ABOUT_RETURN_TYPE = YES_ERROR;
				GCC_WARN_UNDECLARED_SELECTOR = YES;
				GCC_WARN_UNINITIALIZED_AUTOS = YES_AGGRESSIVE;
				GCC_WARN_UNUSED_FUNCTION = YES;
				GCC_WARN_UNUSED_VARIABLE = YES;
				HEADER_SEARCH_PATHS = $BoostHeader;
				MTL_ENABLE_DEBUG_INFO = NO;
				SDKROOT = macosx;
			};
			name = Release;
		};
		8CA23ECC1EA9233C0055D6B1 /* Debug */ = {
			isa = XCBuildConfiguration;
			buildSettings = {
				CLANG_WARN_DOCUMENTATION_COMMENTS = NO;
				CODE_SIGN_IDENTITY = "-";
				DEAD_CODE_STRIPPING = YES;
				PRODUCT_NAME = "$(TARGET_NAME)";
			};
			name = Debug;
		};
		8CA23ECD1EA9233C0055D6B1 /* Release */ = {
			isa = XCBuildConfiguration;
			buildSettings = {
				CLANG_WARN_DOCUMENTATION_COMMENTS = NO;
				CODE_SIGN_IDENTITY = "-";
				DEAD_CODE_STRIPPING = YES;
				PRODUCT_NAME = "$(TARGET_NAME)";
			};
			name = Release;
		};
/* End XCBuildConfiguration section */

/* Begin XCConfigurationList section */
		8CA23EBF1EA9233C0055D6B1 /* Build configuration list for PBXProject "PuzzlesF" */ = {
			isa = XCConfigurationList;
			buildConfigurations = (
				8CA23EC91EA9233C0055D6B1 /* Debug */,
				8CA23ECA1EA9233C0055D6B1 /* Release */,
			);
			defaultConfigurationIsVisible = 0;
			defaultConfigurationName = Release;
		};
		8CA23ECB1EA9233C0055D6B1 /* Build configuration list for PBXNativeTarget "PuzzlesF" */ = {
			isa = XCConfigurationList;
			buildConfigurations = (
				8CA23ECC1EA9233C0055D6B1 /* Debug */,
				8CA23ECD1EA9233C0055D6B1 /* Release */,
			);
			defaultConfigurationIsVisible = 0;
			defaultConfigurationName = Release;
		};
/* End XCConfigurationList section */
	};
	rootObject = 8CA23EBC1EA9233C0055D6B1 /* Project object */;
}
