<?xml version="1.0" encoding="utf-8"?>
<Project ToolsVersion="4.0" xmlns="http://schemas.microsoft.com/developer/msbuild/2003">
  <ItemGroup>
    <Filter Include="Source Files">
      <UniqueIdentifier>{4FC737F1-C7A5-4376-A066-2A32D752A2FF}</UniqueIdentifier>
      <Extensions>cpp;c;cc;cxx;def;odl;idl;hpj;bat;asm;asmx</Extensions>
    </Filter>
    <Filter Include="Header Files">
      <UniqueIdentifier>{93995380-89BD-4b04-88EB-625FBE52EBFB}</UniqueIdentifier>
      <Extensions>h;hpp;hxx;hm;inl;inc;xsd</Extensions>
    </Filter>
    <Filter Include="Resource Files">
      <UniqueIdentifier>{67DA6AB6-F800-4c08-8B7A-83BB121AAD01}</UniqueIdentifier>
      <Extensions>rc;ico;cur;bmp;dlg;rc2;rct;bin;rgs;gif;jpg;jpeg;jpe;resx;tiff;tif;png;wav;mfcribbon-ms</Extensions>
    </Filter>
    <Filter Include="Puzzles">
      <UniqueIdentifier>{70d1df74-0bb4-40d6-b6ef-b82136c4fe7f}</UniqueIdentifier>
    </Filter>
  </ItemGroup>
  <ItemGroup>
    <Text Include="ReadMe.txt" />
    <Text Include="Puzzles\BattleShips.txt">
      <Filter>Puzzles</Filter>
    </Text>
    <Text Include="Puzzles\bloc.txt">
      <Filter>Puzzles</Filter>
    </Text>
    <Text Include="Puzzles\bloxorz_a.txt">
      <Filter>Puzzles</Filter>
    </Text>
    <Text Include="Puzzles\bloxorz_ida.txt">
      <Filter>Puzzles</Filter>
    </Text>
    <Text Include="Puzzles\BotanicalPark.txt">
      <Filter>Puzzles</Filter>
    </Text>
    <Text Include="Puzzles\BoxItAround.txt">
      <Filter>Puzzles</Filter>
    </Text>
    <Text Include="Puzzles\BoxItUp.txt">
      <Filter>Puzzles</Filter>
    </Text>
    <Text Include="Puzzles\Branches.txt">
      <Filter>Puzzles</Filter>
    </Text>
    <Text Include="Puzzles\Bridges.txt">
      <Filter>Puzzles</Filter>
    </Text>
    <Text Include="Puzzles\BootyIsland.txt">
      <Filter>Puzzles</Filter>
    </Text>
    <Text Include="Puzzles\BWTapa.txt">
      <Filter>Puzzles</Filter>
    </Text>
    <Text Include="Puzzles\BalancedTapas.txt">
      <Filter>Puzzles</Filter>
    </Text>
    <Text Include="Puzzles\BusySeas.txt">
      <Filter>Puzzles</Filter>
    </Text>
    <Text Include="Puzzles\BoxItAgain.txt">
      <Filter>Puzzles</Filter>
    </Text>
    <Text Include="Puzzles\BentBridges.txt">
      <Filter>Puzzles</Filter>
    </Text>
  </ItemGroup>
  <ItemGroup>
    <ClInclude Include="stdafx.h">
      <Filter>Header Files</Filter>
    </ClInclude>
    <ClInclude Include="targetver.h">
      <Filter>Header Files</Filter>
    </ClInclude>
    <ClInclude Include="Puzzles\Bridges.h">
      <Filter>Puzzles</Filter>
    </ClInclude>
    <ClInclude Include="Puzzles\BentBridges.h">
      <Filter>Puzzles</Filter>
    </ClInclude>
  </ItemGroup>
  <ItemGroup>
    <ClCompile Include="stdafx.cpp">
      <Filter>Source Files</Filter>
    </ClCompile>
    <ClCompile Include="main.cpp">
      <Filter>Source Files</Filter>
    </ClCompile>
    <ClCompile Include="..\PSL\Position.cpp">
      <Filter>Source Files</Filter>
    </ClCompile>
    <ClCompile Include="Puzzles\BattleShips.cpp">
      <Filter>Puzzles</Filter>
    </ClCompile>
    <ClCompile Include="Puzzles\bloxorz.cpp">
      <Filter>Puzzles</Filter>
    </ClCompile>
    <ClCompile Include="Puzzles\BotanicalPark.cpp">
      <Filter>Puzzles</Filter>
    </ClCompile>
    <ClCompile Include="Puzzles\BoxItAround.cpp">
      <Filter>Puzzles</Filter>
    </ClCompile>
    <ClCompile Include="Puzzles\BoxItUp.cpp">
      <Filter>Puzzles</Filter>
    </ClCompile>
    <ClCompile Include="Puzzles\Branches.cpp">
      <Filter>Puzzles</Filter>
    </ClCompile>
    <ClCompile Include="Puzzles\Bridges.cpp">
      <Filter>Puzzles</Filter>
    </ClCompile>
    <ClCompile Include="Puzzles\BootyIsland.cpp">
      <Filter>Puzzles</Filter>
    </ClCompile>
    <ClCompile Include="Puzzles\BWTapa.cpp">
      <Filter>Puzzles</Filter>
    </ClCompile>
    <ClCompile Include="Puzzles\BalancedTapas.cpp">
      <Filter>Puzzles</Filter>
    </ClCompile>
    <ClCompile Include="Puzzles\BusySeas.cpp">
      <Filter>Puzzles</Filter>
    </ClCompile>
    <ClCompile Include="Puzzles\BoxItAgain.cpp">
      <Filter>Puzzles</Filter>
    </ClCompile>
    <ClCompile Include="..\PSL\pugixml.cpp">
      <Filter>Source Files</Filter>
    </ClCompile>
    <ClCompile Include="Puzzles\BridgesGen.cpp">
      <Filter>Puzzles</Filter>
    </ClCompile>
    <ClCompile Include="Puzzles\BentBridges.cpp">
      <Filter>Puzzles</Filter>
    </ClCompile>
  </ItemGroup>
  <ItemGroup>
    <Xml Include="Puzzles\BattleShips.xml">
      <Filter>Puzzles</Filter>
    </Xml>
    <Xml Include="Puzzles\bloc.xml">
      <Filter>Puzzles</Filter>
    </Xml>
    <Xml Include="Puzzles\bloxorz.xml">
      <Filter>Puzzles</Filter>
    </Xml>
    <Xml Include="Puzzles\BotanicalPark.xml">
      <Filter>Puzzles</Filter>
    </Xml>
    <Xml Include="Puzzles\BoxItAround.xml">
      <Filter>Puzzles</Filter>
    </Xml>
    <Xml Include="Puzzles\BoxItUp.xml">
      <Filter>Puzzles</Filter>
    </Xml>
    <Xml Include="Puzzles\Branches.xml">
      <Filter>Puzzles</Filter>
    </Xml>
    <Xml Include="Puzzles\Bridges.xml">
      <Filter>Puzzles</Filter>
    </Xml>
    <Xml Include="Puzzles\BootyIsland.xml">
      <Filter>Puzzles</Filter>
    </Xml>
    <Xml Include="Puzzles\BWTapa.xml">
      <Filter>Puzzles</Filter>
    </Xml>
    <Xml Include="Puzzles\BalancedTapas.xml">
      <Filter>Puzzles</Filter>
    </Xml>
    <Xml Include="Puzzles\BusySeas.xml">
      <Filter>Puzzles</Filter>
    </Xml>
    <Xml Include="Puzzles\BoxItAgain.xml">
      <Filter>Puzzles</Filter>
    </Xml>
    <Xml Include="Puzzles\BridgesGen.xml">
      <Filter>Puzzles</Filter>
    </Xml>
    <Xml Include="Puzzles\BentBridges.xml">
      <Filter>Puzzles</Filter>
    </Xml>
  </ItemGroup>
</Project>