<?xml version="1.0" encoding="utf-8"?>
<Project ToolsVersion="4.0" xmlns="http://schemas.microsoft.com/developer/msbuild/2003">
  <ItemGroup>
    <Filter Include="Source Files">
      <UniqueIdentifier>{4FC737F1-C7A5-4376-A066-2A32D752A2FF}</UniqueIdentifier>
      <Extensions>cpp;c;cc;cxx;def;odl;idl;hpj;bat;asm;asmx</Extensions>
    </Filter>
    <Filter Include="Header Files">
      <UniqueIdentifier>{93995380-89BD-4b04-88EB-625FBE52EBFB}</UniqueIdentifier>
      <Extensions>h;hpp;hxx;hm;inl;inc;xsd</Extensions>
    </Filter>
    <Filter Include="Resource Files">
      <UniqueIdentifier>{67DA6AB6-F800-4c08-8B7A-83BB121AAD01}</UniqueIdentifier>
      <Extensions>rc;ico;cur;bmp;dlg;rc2;rct;bin;rgs;gif;jpg;jpeg;jpe;resx;tiff;tif;png;wav;mfcribbon-ms</Extensions>
    </Filter>
    <Filter Include="Puzzles">
      <UniqueIdentifier>{70d1df74-0bb4-40d6-b6ef-b82136c4fe7f}</UniqueIdentifier>
    </Filter>
  </ItemGroup>
  <ItemGroup>
    <Text Include="ReadMe.txt" />
    <Text Include="Puzzles\pathfind_astar.txt">
      <Filter>Puzzles</Filter>
    </Text>
    <Text Include="Puzzles\pathfind_bfs.txt">
      <Filter>Puzzles</Filter>
    </Text>
    <Text Include="Puzzles\pathfind_dfs.txt">
      <Filter>Puzzles</Filter>
    </Text>
    <Text Include="Puzzles\pathfind_dijkstra.txt">
      <Filter>Puzzles</Filter>
    </Text>
    <Text Include="Puzzles\pathfind_idastar.txt">
      <Filter>Puzzles</Filter>
    </Text>
    <Text Include="Puzzles\pathfind_idastar2.txt">
      <Filter>Puzzles</Filter>
    </Text>
    <Text Include="Puzzles\patternpuzzle.txt">
      <Filter>Puzzles</Filter>
    </Text>
    <Text Include="Puzzles\pegsolitary.txt">
      <Filter>Puzzles</Filter>
    </Text>
    <Text Include="Puzzles\Pharaoh.txt">
      <Filter>Puzzles</Filter>
    </Text>
    <Text Include="Puzzles\Pharaoh_a.txt">
      <Filter>Puzzles</Filter>
    </Text>
    <Text Include="Puzzles\Pharaoh_ida.txt">
      <Filter>Puzzles</Filter>
    </Text>
    <Text Include="Puzzles\Parks2.txt">
      <Filter>Puzzles</Filter>
    </Text>
    <Text Include="Puzzles\ParkingLot.txt">
      <Filter>Puzzles</Filter>
    </Text>
    <Text Include="Puzzles\Parks.txt">
      <Filter>Puzzles</Filter>
    </Text>
    <Text Include="Puzzles\Pata.txt">
      <Filter>Puzzles</Filter>
    </Text>
    <Text Include="Puzzles\Pairakabe.txt">
      <Filter>Puzzles</Filter>
    </Text>
    <Text Include="Puzzles\PuzzleRetreat_Welcome.txt">
      <Filter>Puzzles</Filter>
    </Text>
    <Text Include="Puzzles\PuzzleRetreat_Morning.txt">
      <Filter>Puzzles</Filter>
    </Text>
    <Text Include="Puzzles\PuzzleRetreat_Everest.txt">
      <Filter>Puzzles</Filter>
    </Text>
    <Text Include="Puzzles\PowerGrid.txt">
      <Filter>Puzzles</Filter>
    </Text>
    <Text Include="Puzzles\ProductSentinels.txt">
      <Filter>Puzzles</Filter>
    </Text>
    <Text Include="Puzzles\ParkLakes.txt">
      <Filter>Puzzles</Filter>
    </Text>
    <Text Include="Puzzles\Planks.txt">
      <Filter>Puzzles</Filter>
    </Text>
  </ItemGroup>
  <ItemGroup>
    <ClInclude Include="stdafx.h">
      <Filter>Header Files</Filter>
    </ClInclude>
    <ClInclude Include="targetver.h">
      <Filter>Header Files</Filter>
    </ClInclude>
  </ItemGroup>
  <ItemGroup>
    <ClCompile Include="stdafx.cpp">
      <Filter>Source Files</Filter>
    </ClCompile>
    <ClCompile Include="main.cpp">
      <Filter>Source Files</Filter>
    </ClCompile>
    <ClCompile Include="..\PSL\Position.cpp">
      <Filter>Source Files</Filter>
    </ClCompile>
    <ClCompile Include="Puzzles\pathfind.cpp">
      <Filter>Puzzles</Filter>
    </ClCompile>
    <ClCompile Include="Puzzles\patternpuzzle.cpp">
      <Filter>Puzzles</Filter>
    </ClCompile>
    <ClCompile Include="Puzzles\pegsolitary.cpp">
      <Filter>Puzzles</Filter>
    </ClCompile>
    <ClCompile Include="Puzzles\Pharaoh.cpp">
      <Filter>Puzzles</Filter>
    </ClCompile>
    <ClCompile Include="Puzzles\Parks2.cpp">
      <Filter>Puzzles</Filter>
    </ClCompile>
    <ClCompile Include="Puzzles\ParkingLot.cpp">
      <Filter>Puzzles</Filter>
    </ClCompile>
    <ClCompile Include="Puzzles\Parks.cpp">
      <Filter>Puzzles</Filter>
    </ClCompile>
    <ClCompile Include="Puzzles\Pata.cpp">
      <Filter>Puzzles</Filter>
    </ClCompile>
    <ClCompile Include="Puzzles\Pairakabe.cpp">
      <Filter>Puzzles</Filter>
    </ClCompile>
    <ClCompile Include="Puzzles\PuzzleRetreat.cpp">
      <Filter>Puzzles</Filter>
    </ClCompile>
    <ClCompile Include="Puzzles\PowerGrid.cpp">
      <Filter>Puzzles</Filter>
    </ClCompile>
    <ClCompile Include="Puzzles\ProductSentinels.cpp">
      <Filter>Puzzles</Filter>
    </ClCompile>
    <ClCompile Include="Puzzles\ParkLakes.cpp">
      <Filter>Puzzles</Filter>
    </ClCompile>
    <ClCompile Include="Puzzles\Planks.cpp">
      <Filter>Puzzles</Filter>
    </ClCompile>
  </ItemGroup>
  <ItemGroup>
    <Xml Include="Puzzles\pathfind.xml">
      <Filter>Puzzles</Filter>
    </Xml>
    <Xml Include="Puzzles\patternpuzzle.xml">
      <Filter>Puzzles</Filter>
    </Xml>
    <Xml Include="Puzzles\pegsolitary.xml">
      <Filter>Puzzles</Filter>
    </Xml>
    <Xml Include="Puzzles\Pharaoh.xml">
      <Filter>Puzzles</Filter>
    </Xml>
    <Xml Include="Puzzles\ParkingLot.xml">
      <Filter>Puzzles</Filter>
    </Xml>
    <Xml Include="Puzzles\Parks.xml">
      <Filter>Puzzles</Filter>
    </Xml>
    <Xml Include="Puzzles\Pata.xml">
      <Filter>Puzzles</Filter>
    </Xml>
    <Xml Include="Puzzles\Pairakabe.xml">
      <Filter>Puzzles</Filter>
    </Xml>
    <Xml Include="Puzzles\PuzzleRetreat_Welcome.xml">
      <Filter>Puzzles</Filter>
    </Xml>
    <Xml Include="Puzzles\PuzzleRetreat_Morning.xml">
      <Filter>Puzzles</Filter>
    </Xml>
    <Xml Include="Puzzles\PuzzleRetreat_Everest.xml">
      <Filter>Puzzles</Filter>
    </Xml>
    <Xml Include="Puzzles\PowerGrid.xml">
      <Filter>Puzzles</Filter>
    </Xml>
    <Xml Include="Puzzles\ProductSentinels.xml">
      <Filter>Puzzles</Filter>
    </Xml>
    <Xml Include="Puzzles\ParkLakes.xml">
      <Filter>Puzzles</Filter>
    </Xml>
    <Xml Include="Puzzles\Planks.xml">
      <Filter>Puzzles</Filter>
    </Xml>
  </ItemGroup>
</Project>