// !$*UTF8*$!
{
	archiveVersion = 1;
	classes = {
	};
	objectVersion = 54;
	objects = {

/* Begin PBXBuildFile section */
		8CA23F041EA924380055D6B1 /* main.cpp in Sources */ = {isa = PBXBuildFile; fileRef = 8CA23ECE1EA924380055D6B1 /* main.cpp */; };
		8CA23F1A1EA925F20055D6B1 /* stdafx.cpp in Sources */ = {isa = PBXBuildFile; fileRef = 8CA23F171EA925F20055D6B1 /* stdafx.cpp */; };
		8CA23F321EA927A80055D6B1 /* Position.cpp in Sources */ = {isa = PBXBuildFile; fileRef = 8CA23F281EA926F60055D6B1 /* Position.cpp */; };
		8CA23F331EA927AF0055D6B1 /* pugixml.cpp in Sources */ = {isa = PBXBuildFile; fileRef = 8CA23F2B1EA926F60055D6B1 /* pugixml.cpp */; };
		8CA23F341EA927B60055D6B1 /* stdafx.cpp in Sources */ = {isa = PBXBuildFile; fileRef = 8CA23F2F1EA926F60055D6B1 /* stdafx.cpp */; };
		8CA23F771EB476CE0055D6B1 /* 3dlogic.cpp in Sources */ = {isa = PBXBuildFile; fileRef = 8CA23F6D1EB476CE0055D6B1 /* 3dlogic.cpp */; };
		8CA23F781EB476CE0055D6B1 /* 8puzzle.cpp in Sources */ = {isa = PBXBuildFile; fileRef = 8CA23F711EB476CE0055D6B1 /* 8puzzle.cpp */; };
		8CA23F791EB476CE0055D6B1 /* 15pegs.cpp in Sources */ = {isa = PBXBuildFile; fileRef = 8CA23F741EB476CE0055D6B1 /* 15pegs.cpp */; };
/* End PBXBuildFile section */

/* Begin PBXCopyFilesBuildPhase section */
		8CA23EC21EA9233C0055D6B1 /* CopyFiles */ = {
			isa = PBXCopyFilesBuildPhase;
			buildActionMask = 2147483647;
			dstPath = /usr/share/man/man1/;
			dstSubfolderSpec = 0;
			files = (
			);
			runOnlyForDeploymentPostprocessing = 1;
		};
/* End PBXCopyFilesBuildPhase section */

/* Begin PBXFileReference section */
		8CA23EC41EA9233C0055D6B1 /* Puzzles9 */ = {isa = PBXFileReference; explicitFileType = "compiled.mach-o.executable"; includeInIndex = 0; path = Puzzles9; sourceTree = BUILT_PRODUCTS_DIR; };
		8CA23ECE1EA924380055D6B1 /* main.cpp */ = {isa = PBXFileReference; fileEncoding = 4; lastKnownFileType = sourcecode.cpp.cpp; path = main.cpp; sourceTree = "<group>"; };
		8CA23F171EA925F20055D6B1 /* stdafx.cpp */ = {isa = PBXFileReference; fileEncoding = 4; lastKnownFileType = sourcecode.cpp.cpp; path = stdafx.cpp; sourceTree = "<group>"; };
		8CA23F181EA925F20055D6B1 /* stdafx.h */ = {isa = PBXFileReference; fileEncoding = 4; lastKnownFileType = sourcecode.c.h; path = stdafx.h; sourceTree = "<group>"; };
		8CA23F191EA925F20055D6B1 /* targetver.h */ = {isa = PBXFileReference; fileEncoding = 4; lastKnownFileType = sourcecode.c.h; path = targetver.h; sourceTree = "<group>"; };
		8CA23F1C1EA926F60055D6B1 /* AIhelper.h */ = {isa = PBXFileReference; lastKnownFileType = sourcecode.c.h; path = AIhelper.h; sourceTree = "<group>"; };
		8CA23F1D1EA926F60055D6B1 /* astar_solver.h */ = {isa = PBXFileReference; lastKnownFileType = sourcecode.c.h; path = astar_solver.h; sourceTree = "<group>"; };
		8CA23F1E1EA926F60055D6B1 /* bfs_move_gen.h */ = {isa = PBXFileReference; lastKnownFileType = sourcecode.c.h; path = bfs_move_gen.h; sourceTree = "<group>"; };
		8CA23F1F1EA926F60055D6B1 /* bfs_solver.h */ = {isa = PBXFileReference; lastKnownFileType = sourcecode.c.h; path = bfs_solver.h; sourceTree = "<group>"; };
		8CA23F201EA926F60055D6B1 /* dfs_solver.h */ = {isa = PBXFileReference; lastKnownFileType = sourcecode.c.h; path = dfs_solver.h; sourceTree = "<group>"; };
		8CA23F211EA926F60055D6B1 /* dijkstra_solver.h */ = {isa = PBXFileReference; lastKnownFileType = sourcecode.c.h; path = dijkstra_solver.h; sourceTree = "<group>"; };
		8CA23F221EA926F60055D6B1 /* idastar_search.hpp */ = {isa = PBXFileReference; lastKnownFileType = sourcecode.cpp.h; path = idastar_search.hpp; sourceTree = "<group>"; };
		8CA23F231EA926F60055D6B1 /* idastar_solver.h */ = {isa = PBXFileReference; lastKnownFileType = sourcecode.c.h; path = idastar_solver.h; sourceTree = "<group>"; };
		8CA23F241EA926F60055D6B1 /* idastar_solver2.h */ = {isa = PBXFileReference; lastKnownFileType = sourcecode.c.h; path = idastar_solver2.h; sourceTree = "<group>"; };
		8CA23F251EA926F60055D6B1 /* iddfs_solver.h */ = {isa = PBXFileReference; lastKnownFileType = sourcecode.c.h; path = iddfs_solver.h; sourceTree = "<group>"; };
		8CA23F261EA926F60055D6B1 /* nonconst_bfs.hpp */ = {isa = PBXFileReference; lastKnownFileType = sourcecode.cpp.h; path = nonconst_bfs.hpp; sourceTree = "<group>"; };
		8CA23F271EA926F60055D6B1 /* nonconst_dfs.hpp */ = {isa = PBXFileReference; lastKnownFileType = sourcecode.cpp.h; path = nonconst_dfs.hpp; sourceTree = "<group>"; };
		8CA23F281EA926F60055D6B1 /* Position.cpp */ = {isa = PBXFileReference; lastKnownFileType = sourcecode.cpp.cpp; path = Position.cpp; sourceTree = "<group>"; };
		8CA23F291EA926F60055D6B1 /* Position.h */ = {isa = PBXFileReference; lastKnownFileType = sourcecode.c.h; path = Position.h; sourceTree = "<group>"; };
		8CA23F2A1EA926F60055D6B1 /* pugiconfig.hpp */ = {isa = PBXFileReference; lastKnownFileType = sourcecode.cpp.h; path = pugiconfig.hpp; sourceTree = "<group>"; };
		8CA23F2B1EA926F60055D6B1 /* pugixml.cpp */ = {isa = PBXFileReference; lastKnownFileType = sourcecode.cpp.cpp; path = pugixml.cpp; sourceTree = "<group>"; };
		8CA23F2C1EA926F60055D6B1 /* pugixml.hpp */ = {isa = PBXFileReference; lastKnownFileType = sourcecode.cpp.h; path = pugixml.hpp; sourceTree = "<group>"; };
		8CA23F2D1EA926F60055D6B1 /* ReadMe.txt */ = {isa = PBXFileReference; lastKnownFileType = text; path = ReadMe.txt; sourceTree = "<group>"; };
		8CA23F2E1EA926F60055D6B1 /* solve_puzzle.h */ = {isa = PBXFileReference; lastKnownFileType = sourcecode.c.h; path = solve_puzzle.h; sourceTree = "<group>"; };
		8CA23F2F1EA926F60055D6B1 /* stdafx.cpp */ = {isa = PBXFileReference; lastKnownFileType = sourcecode.cpp.cpp; path = stdafx.cpp; sourceTree = "<group>"; };
		8CA23F301EA926F60055D6B1 /* stdafx.h */ = {isa = PBXFileReference; lastKnownFileType = sourcecode.c.h; path = stdafx.h; sourceTree = "<group>"; };
		8CA23F311EA926F60055D6B1 /* targetver.h */ = {isa = PBXFileReference; lastKnownFileType = sourcecode.c.h; path = targetver.h; sourceTree = "<group>"; };
		8CA23F6B1EB476CE0055D6B1 /* 3dlogic_dfs.txt */ = {isa = PBXFileReference; fileEncoding = 4; lastKnownFileType = text; path = 3dlogic_dfs.txt; sourceTree = "<group>"; };
		8CA23F6C1EB476CE0055D6B1 /* 3dlogic_ida.txt */ = {isa = PBXFileReference; fileEncoding = 4; lastKnownFileType = text; path = 3dlogic_ida.txt; sourceTree = "<group>"; };
		8CA23F6D1EB476CE0055D6B1 /* 3dlogic.cpp */ = {isa = PBXFileReference; fileEncoding = 4; lastKnownFileType = sourcecode.cpp.cpp; path = 3dlogic.cpp; sourceTree = "<group>"; };
		8CA23F6E1EB476CE0055D6B1 /* 3dlogic.txt */ = {isa = PBXFileReference; fileEncoding = 4; lastKnownFileType = text; path = 3dlogic.txt; sourceTree = "<group>"; };
		8CA23F6F1EB476CE0055D6B1 /* 3dlogic.xml */ = {isa = PBXFileReference; fileEncoding = 4; lastKnownFileType = text.xml; path = 3dlogic.xml; sourceTree = "<group>"; };
		8CA23F701EB476CE0055D6B1 /* 8puzzle_original.hpp */ = {isa = PBXFileReference; fileEncoding = 4; lastKnownFileType = sourcecode.cpp.h; path = 8puzzle_original.hpp; sourceTree = "<group>"; };
		8CA23F711EB476CE0055D6B1 /* 8puzzle.cpp */ = {isa = PBXFileReference; fileEncoding = 4; lastKnownFileType = sourcecode.cpp.cpp; path = 8puzzle.cpp; sourceTree = "<group>"; };
		8CA23F721EB476CE0055D6B1 /* 8puzzle.txt */ = {isa = PBXFileReference; fileEncoding = 4; lastKnownFileType = text; path = 8puzzle.txt; sourceTree = "<group>"; };
		8CA23F731EB476CE0055D6B1 /* 8puzzle.xml */ = {isa = PBXFileReference; fileEncoding = 4; lastKnownFileType = text.xml; path = 8puzzle.xml; sourceTree = "<group>"; };
		8CA23F741EB476CE0055D6B1 /* 15pegs.cpp */ = {isa = PBXFileReference; fileEncoding = 4; lastKnownFileType = sourcecode.cpp.cpp; path = 15pegs.cpp; sourceTree = "<group>"; };
		8CA23F751EB476CE0055D6B1 /* 15pegs.txt */ = {isa = PBXFileReference; fileEncoding = 4; lastKnownFileType = text; path = 15pegs.txt; sourceTree = "<group>"; };
		8CA23F761EB476CE0055D6B1 /* 15pegs.xml */ = {isa = PBXFileReference; fileEncoding = 4; lastKnownFileType = text.xml; path = 15pegs.xml; sourceTree = "<group>"; };
/* End PBXFileReference section */

/* Begin PBXFrameworksBuildPhase section */
		8CA23EC11EA9233C0055D6B1 /* Frameworks */ = {
			isa = PBXFrameworksBuildPhase;
			buildActionMask = 2147483647;
			files = (
			);
			runOnlyForDeploymentPostprocessing = 0;
		};
/* End PBXFrameworksBuildPhase section */

/* Begin PBXGroup section */
		8CA23EBB1EA9233C0055D6B1 = {
			isa = PBXGroup;
			children = (
				8CA23F1B1EA926F60055D6B1 /* PSL */,
				8CA23ECE1EA924380055D6B1 /* main.cpp */,
				8CA23F171EA925F20055D6B1 /* stdafx.cpp */,
				8CA23F181EA925F20055D6B1 /* stdafx.h */,
				8CA23F191EA925F20055D6B1 /* targetver.h */,
				8CA23ECF1EA924380055D6B1 /* Puzzles */,
				8CA23EC51EA9233C0055D6B1 /* Products */,
			);
			sourceTree = "<group>";
		};
		8CA23EC51EA9233C0055D6B1 /* Products */ = {
			isa = PBXGroup;
			children = (
				8CA23EC41EA9233C0055D6B1 /* Puzzles9 */,
			);
			name = Products;
			sourceTree = "<group>";
		};
		8CA23ECF1EA924380055D6B1 /* Puzzles */ = {
			isa = PBXGroup;
			children = (
				8CA23F6B1EB476CE0055D6B1 /* 3dlogic_dfs.txt */,
				8CA23F6C1EB476CE0055D6B1 /* 3dlogic_ida.txt */,
				8CA23F6D1EB476CE0055D6B1 /* 3dlogic.cpp */,
				8CA23F6E1EB476CE0055D6B1 /* 3dlogic.txt */,
				8CA23F6F1EB476CE0055D6B1 /* 3dlogic.xml */,
				8CA23F701EB476CE0055D6B1 /* 8puzzle_original.hpp */,
				8CA23F711EB476CE0055D6B1 /* 8puzzle.cpp */,
				8CA23F721EB476CE0055D6B1 /* 8puzzle.txt */,
				8CA23F731EB476CE0055D6B1 /* 8puzzle.xml */,
				8CA23F741EB476CE0055D6B1 /* 15pegs.cpp */,
				8CA23F751EB476CE0055D6B1 /* 15pegs.txt */,
				8CA23F761EB476CE0055D6B1 /* 15pegs.xml */,
			);
			path = Puzzles;
			sourceTree = "<group>";
		};
		8CA23F1B1EA926F60055D6B1 /* PSL */ = {
			isa = PBXGroup;
			children = (
				8CA23F1C1EA926F60055D6B1 /* AIhelper.h */,
				8CA23F1D1EA926F60055D6B1 /* astar_solver.h */,
				8CA23F1E1EA926F60055D6B1 /* bfs_move_gen.h */,
				8CA23F1F1EA926F60055D6B1 /* bfs_solver.h */,
				8CA23F201EA926F60055D6B1 /* dfs_solver.h */,
				8CA23F211EA926F60055D6B1 /* dijkstra_solver.h */,
				8CA23F221EA926F60055D6B1 /* idastar_search.hpp */,
				8CA23F231EA926F60055D6B1 /* idastar_solver.h */,
				8CA23F241EA926F60055D6B1 /* idastar_solver2.h */,
				8CA23F251EA926F60055D6B1 /* iddfs_solver.h */,
				8CA23F261EA926F60055D6B1 /* nonconst_bfs.hpp */,
				8CA23F271EA926F60055D6B1 /* nonconst_dfs.hpp */,
				8CA23F281EA926F60055D6B1 /* Position.cpp */,
				8CA23F291EA926F60055D6B1 /* Position.h */,
				8CA23F2A1EA926F60055D6B1 /* pugiconfig.hpp */,
				8CA23F2B1EA926F60055D6B1 /* pugixml.cpp */,
				8CA23F2C1EA926F60055D6B1 /* pugixml.hpp */,
				8CA23F2D1EA926F60055D6B1 /* ReadMe.txt */,
				8CA23F2E1EA926F60055D6B1 /* solve_puzzle.h */,
				8CA23F2F1EA926F60055D6B1 /* stdafx.cpp */,
				8CA23F301EA926F60055D6B1 /* stdafx.h */,
				8CA23F311EA926F60055D6B1 /* targetver.h */,
			);
			name = PSL;
			path = ../PSL;
			sourceTree = "<group>";
		};
/* End PBXGroup section */

/* Begin PBXNativeTarget section */
		8CA23EC31EA9233C0055D6B1 /* Puzzles9 */ = {
			isa = PBXNativeTarget;
			buildConfigurationList = 8CA23ECB1EA9233C0055D6B1 /* Build configuration list for PBXNativeTarget "Puzzles9" */;
			buildPhases = (
				8CA23EC01EA9233C0055D6B1 /* Sources */,
				8CA23EC11EA9233C0055D6B1 /* Frameworks */,
				8CA23EC21EA9233C0055D6B1 /* CopyFiles */,
			);
			buildRules = (
			);
			dependencies = (
			);
			name = Puzzles9;
			productName = PuzzlesM;
			productReference = 8CA23EC41EA9233C0055D6B1 /* Puzzles9 */;
			productType = "com.apple.product-type.tool";
		};
/* End PBXNativeTarget section */

/* Begin PBXProject section */
		8CA23EBC1EA9233C0055D6B1 /* Project object */ = {
			isa = PBXProject;
			attributes = {
				BuildIndependentTargetsInParallel = YES;
				LastUpgradeCheck = 1620;
				ORGANIZATIONNAME = "趙偉";
				TargetAttributes = {
					8CA23EC31EA9233C0055D6B1 = {
						CreatedOnToolsVersion = 8.2;
						DevelopmentTeam = U259NHMY78;
						ProvisioningStyle = Automatic;
					};
				};
			};
			buildConfigurationList = 8CA23EBF1EA9233C0055D6B1 /* Build configuration list for PBXProject "Puzzles9" */;
			compatibilityVersion = "Xcode 11.0";
			developmentRegion = en;
			hasScannedForEncodings = 0;
			knownRegions = (
				en,
				Base,
			);
			mainGroup = 8CA23EBB1EA9233C0055D6B1;
			productRefGroup = 8CA23EC51EA9233C0055D6B1 /* Products */;
			projectDirPath = "";
			projectRoot = "";
			targets = (
				8CA23EC31EA9233C0055D6B1 /* Puzzles9 */,
			);
		};
/* End PBXProject section */

/* Begin PBXSourcesBuildPhase section */
		8CA23EC01EA9233C0055D6B1 /* Sources */ = {
			isa = PBXSourcesBuildPhase;
			buildActionMask = 2147483647;
			files = (
				8CA23F791EB476CE0055D6B1 /* 15pegs.cpp in Sources */,
				8CA23F1A1EA925F20055D6B1 /* stdafx.cpp in Sources */,
				8CA23F321EA927A80055D6B1 /* Position.cpp in Sources */,
				8CA23F041EA924380055D6B1 /* main.cpp in Sources */,
				8CA23F771EB476CE0055D6B1 /* 3dlogic.cpp in Sources */,
				8CA23F781EB476CE0055D6B1 /* 8puzzle.cpp in Sources */,
				8CA23F331EA927AF0055D6B1 /* pugixml.cpp in Sources */,
				8CA23F341EA927B60055D6B1 /* stdafx.cpp in Sources */,
			);
			runOnlyForDeploymentPostprocessing = 0;
		};
/* End PBXSourcesBuildPhase section */

/* Begin XCBuildConfiguration section */
		8CA23EC91EA9233C0055D6B1 /* Debug */ = {
			isa = XCBuildConfiguration;
			buildSettings = {
				ALWAYS_SEARCH_USER_PATHS = NO;
				CLANG_ANALYZER_LOCALIZABILITY_NONLOCALIZED = YES;
				CLANG_ANALYZER_NONNULL = YES;
				CLANG_CXX_LANGUAGE_STANDARD = "gnu++23";
				CLANG_CXX_LIBRARY = "libc++";
				CLANG_ENABLE_MODULES = YES;
				CLANG_ENABLE_OBJC_ARC = YES;
				CLANG_WARN_BLOCK_CAPTURE_AUTORELEASING = YES;
				CLANG_WARN_BOOL_CONVERSION = YES;
				CLANG_WARN_COMMA = YES;
				CLANG_WARN_CONSTANT_CONVERSION = YES;
				CLANG_WARN_DEPRECATED_OBJC_IMPLEMENTATIONS = YES;
				CLANG_WARN_DIRECT_OBJC_ISA_USAGE = YES_ERROR;
				CLANG_WARN_DOCUMENTATION_COMMENTS = NO;
				CLANG_WARN_EMPTY_BODY = YES;
				CLANG_WARN_ENUM_CONVERSION = YES;
				CLANG_WARN_INFINITE_RECURSION = YES;
				CLANG_WARN_INT_CONVERSION = YES;
				CLANG_WARN_NON_LITERAL_NULL_CONVERSION = YES;
				CLANG_WARN_OBJC_IMPLICIT_RETAIN_SELF = YES;
				CLANG_WARN_OBJC_LITERAL_CONVERSION = YES;
				CLANG_WARN_OBJC_ROOT_CLASS = YES_ERROR;
				CLANG_WARN_QUOTED_INCLUDE_IN_FRAMEWORK_HEADER = YES;
				CLANG_WARN_RANGE_LOOP_ANALYSIS = YES;
				CLANG_WARN_STRICT_PROTOTYPES = YES;
				CLANG_WARN_SUSPICIOUS_MOVE = YES;
				CLANG_WARN_UNREACHABLE_CODE = YES;
				CLANG_WARN__DUPLICATE_METHOD_MATCH = YES;
				CODE_SIGN_IDENTITY = "-";
				COPY_PHASE_STRIP = NO;
				DEAD_CODE_STRIPPING = YES;
				DEBUG_INFORMATION_FORMAT = dwarf;
				ENABLE_STRICT_OBJC_MSGSEND = YES;
				ENABLE_TESTABILITY = YES;
				ENABLE_USER_SCRIPT_SANDBOXING = YES;
				GCC_C_LANGUAGE_STANDARD = gnu23;
				GCC_DYNAMIC_NO_PIC = NO;
				GCC_NO_COMMON_BLOCKS = YES;
				GCC_OPTIMIZATION_LEVEL = 0;
				GCC_PREPROCESSOR_DEFINITIONS = (
					"DEBUG=1",
					"$(inherited)",
				);
				GCC_WARN_64_TO_32_BIT_CONVERSION = YES;
				GCC_WARN_ABOUT_RETURN_TYPE = YES_ERROR;
				GCC_WARN_UNDECLARED_SELECTOR = YES;
				GCC_WARN_UNINITIALIZED_AUTOS = YES_AGGRESSIVE;
				GCC_WARN_UNUSED_FUNCTION = YES;
				GCC_WARN_UNUSED_VARIABLE = YES;
				HEADER_SEARCH_PATHS = $BoostHeader;
				MTL_ENABLE_DEBUG_INFO = YES;
				ONLY_ACTIVE_ARCH = YES;
				SDKROOT = macosx;
			};
			name = Debug;
		};
		8CA23ECA1EA9233C0055D6B1 /* Release */ = {
			isa = XCBuildConfiguration;
			buildSettings = {
				ALWAYS_SEARCH_USER_PATHS = NO;
				CLANG_ANALYZER_LOCALIZABILITY_NONLOCALIZED = YES;
				CLANG_ANALYZER_NONNULL = YES;
				CLANG_CXX_LANGUAGE_STANDARD = "gnu++23";
				CLANG_CXX_LIBRARY = "libc++";
				CLANG_ENABLE_MODULES = YES;
				CLANG_ENABLE_OBJC_ARC = YES;
				CLANG_WARN_BLOCK_CAPTURE_AUTORELEASING = YES;
				CLANG_WARN_BOOL_CONVERSION = YES;
				CLANG_WARN_COMMA = YES;
				CLANG_WARN_CONSTANT_CONVERSION = YES;
				CLANG_WARN_DEPRECATED_OBJC_IMPLEMENTATIONS = YES;
				CLANG_WARN_DIRECT_OBJC_ISA_USAGE = YES_ERROR;
				CLANG_WARN_DOCUMENTATION_COMMENTS = NO;
				CLANG_WARN_EMPTY_BODY = YES;
				CLANG_WARN_ENUM_CONVERSION = YES;
				CLANG_WARN_INFINITE_RECURSION = YES;
				CLANG_WARN_INT_CONVERSION = YES;
				CLANG_WARN_NON_LITERAL_NULL_CONVERSION = YES;
				CLANG_WARN_OBJC_IMPLICIT_RETAIN_SELF = YES;
				CLANG_WARN_OBJC_LITERAL_CONVERSION = YES;
				CLANG_WARN_OBJC_ROOT_CLASS = YES_ERROR;
				CLANG_WARN_QUOTED_INCLUDE_IN_FRAMEWORK_HEADER = YES;
				CLANG_WARN_RANGE_LOOP_ANALYSIS = YES;
				CLANG_WARN_STRICT_PROTOTYPES = YES;
				CLANG_WARN_SUSPICIOUS_MOVE = YES;
				CLANG_WARN_UNREACHABLE_CODE = YES;
				CLANG_WARN__DUPLICATE_METHOD_MATCH = YES;
				CODE_SIGN_IDENTITY = "-";
				COPY_PHASE_STRIP = NO;
				DEAD_CODE_STRIPPING = YES;
				DEBUG_INFORMATION_FORMAT = "dwarf-with-dsym";
				ENABLE_NS_ASSERTIONS = NO;
				ENABLE_STRICT_OBJC_MSGSEND = YES;
				ENABLE_USER_SCRIPT_SANDBOXING = YES;
				GCC_C_LANGUAGE_STANDARD = gnu23;
				GCC_NO_COMMON_BLOCKS = YES;
				GCC_WARN_64_TO_32_BIT_CONVERSION = YES;
				GCC_WARN_ABOUT_RETURN_TYPE = YES_ERROR;
				GCC_WARN_UNDECLARED_SELECTOR = YES;
				GCC_WARN_UNINITIALIZED_AUTOS = YES_AGGRESSIVE;
				GCC_WARN_UNUSED_FUNCTION = YES;
				GCC_WARN_UNUSED_VARIABLE = YES;
				HEADER_SEARCH_PATHS = $BoostHeader;
				MTL_ENABLE_DEBUG_INFO = NO;
				SDKROOT = macosx;
			};
			name = Release;
		};
		8CA23ECC1EA9233C0055D6B1 /* Debug */ = {
			isa = XCBuildConfiguration;
			buildSettings = {
				CLANG_WARN_DOCUMENTATION_COMMENTS = NO;
				CODE_SIGN_IDENTITY = "-";
				DEAD_CODE_STRIPPING = YES;
				DEVELOPMENT_TEAM = U259NHMY78;
				PRODUCT_NAME = "$(TARGET_NAME)";
			};
			name = Debug;
		};
		8CA23ECD1EA9233C0055D6B1 /* Release */ = {
			isa = XCBuildConfiguration;
			buildSettings = {
				CLANG_WARN_DOCUMENTATION_COMMENTS = NO;
				CODE_SIGN_IDENTITY = "-";
				DEAD_CODE_STRIPPING = YES;
				DEVELOPMENT_TEAM = U259NHMY78;
				PRODUCT_NAME = "$(TARGET_NAME)";
			};
			name = Release;
		};
/* End XCBuildConfiguration section */

/* Begin XCConfigurationList section */
		8CA23EBF1EA9233C0055D6B1 /* Build configuration list for PBXProject "Puzzles9" */ = {
			isa = XCConfigurationList;
			buildConfigurations = (
				8CA23EC91EA9233C0055D6B1 /* Debug */,
				8CA23ECA1EA9233C0055D6B1 /* Release */,
			);
			defaultConfigurationIsVisible = 0;
			defaultConfigurationName = Release;
		};
		8CA23ECB1EA9233C0055D6B1 /* Build configuration list for PBXNativeTarget "Puzzles9" */ = {
			isa = XCConfigurationList;
			buildConfigurations = (
				8CA23ECC1EA9233C0055D6B1 /* Debug */,
				8CA23ECD1EA9233C0055D6B1 /* Release */,
			);
			defaultConfigurationIsVisible = 0;
			defaultConfigurationName = Release;
		};
/* End XCConfigurationList section */
	};
	rootObject = 8CA23EBC1EA9233C0055D6B1 /* Project object */;
}
