// !$*UTF8*$!
{
	archiveVersion = 1;
	classes = {
	};
	objectVersion = 54;
	objects = {

/* Begin PBXBuildFile section */
		8C689D202E07753100A2BCCC /* NewCarpenterSquare.cpp in Sources */ = {isa = PBXBuildFile; fileRef = 8C689D1D2E07753100A2BCCC /* NewCarpenterSquare.cpp */; };
		8C689D5F2E128A6000A2BCCC /* NumberChain.cpp in Sources */ = {isa = PBXBuildFile; fileRef = 8C689D5C2E128A6000A2BCCC /* NumberChain.cpp */; };
		8C884F762E2E4561005310E2 /* NumberConnect.cpp in Sources */ = {isa = PBXBuildFile; fileRef = 8C884F732E2E4561005310E2 /* NumberConnect.cpp */; };
		8CA23F041EA924380055D6B1 /* main.cpp in Sources */ = {isa = PBXBuildFile; fileRef = 8CA23ECE1EA924380055D6B1 /* main.cpp */; };
		8CA23F1A1EA925F20055D6B1 /* stdafx.cpp in Sources */ = {isa = PBXBuildFile; fileRef = 8CA23F171EA925F20055D6B1 /* stdafx.cpp */; };
		8CA23F321EA927A80055D6B1 /* Position.cpp in Sources */ = {isa = PBXBuildFile; fileRef = 8CA23F281EA926F60055D6B1 /* Position.cpp */; };
		8CA23F331EA927AF0055D6B1 /* pugixml.cpp in Sources */ = {isa = PBXBuildFile; fileRef = 8CA23F2B1EA926F60055D6B1 /* pugixml.cpp */; };
		8CA23F341EA927B60055D6B1 /* stdafx.cpp in Sources */ = {isa = PBXBuildFile; fileRef = 8CA23F2F1EA926F60055D6B1 /* stdafx.cpp */; };
		8CA240C11EB47A950055D6B1 /* Neighbours.cpp in Sources */ = {isa = PBXBuildFile; fileRef = 8CA240A81EB47A950055D6B1 /* Neighbours.cpp */; };
		8CA240C21EB47A950055D6B1 /* NorthPoleFishing.cpp in Sources */ = {isa = PBXBuildFile; fileRef = 8CA240AF1EB47A950055D6B1 /* NorthPoleFishing.cpp */; };
		8CA240C31EB47A950055D6B1 /* NoughtsAndCrosses.cpp in Sources */ = {isa = PBXBuildFile; fileRef = 8CA240B21EB47A950055D6B1 /* NoughtsAndCrosses.cpp */; };
		8CA240C41EB47A950055D6B1 /* NumberLink.cpp in Sources */ = {isa = PBXBuildFile; fileRef = 8CA240B51EB47A950055D6B1 /* NumberLink.cpp */; };
		8CA240C51EB47A950055D6B1 /* NumberPath.cpp in Sources */ = {isa = PBXBuildFile; fileRef = 8CA240B81EB47A950055D6B1 /* NumberPath.cpp */; };
		8CA240C61EB47A950055D6B1 /* numeric_paranoia.cpp in Sources */ = {isa = PBXBuildFile; fileRef = 8CA240BB1EB47A950055D6B1 /* numeric_paranoia.cpp */; };
		8CA240C71EB47A950055D6B1 /* Nurikabe.cpp in Sources */ = {isa = PBXBuildFile; fileRef = 8CA240BE1EB47A950055D6B1 /* Nurikabe.cpp */; };
		8CDAE7DD1F5AEA75000DE5AF /* NumberPath2.cpp in Sources */ = {isa = PBXBuildFile; fileRef = 8CDAE7DB1F5AEA75000DE5AF /* NumberPath2.cpp */; };
		8CDAF8172E1D4C8400ED90A3 /* Nooks.cpp in Sources */ = {isa = PBXBuildFile; fileRef = 8CDAF8142E1D4C8400ED90A3 /* Nooks.cpp */; };
		95D7B5C8230C4547001E005C /* NumberCrossing.cpp in Sources */ = {isa = PBXBuildFile; fileRef = 95D7B5C5230C4546001E005C /* NumberCrossing.cpp */; };
		95D7B5D123140C1D001E005C /* NumberCrosswords.cpp in Sources */ = {isa = PBXBuildFile; fileRef = 95D7B5D023140C1D001E005C /* NumberCrosswords.cpp */; };
/* End PBXBuildFile section */

/* Begin PBXCopyFilesBuildPhase section */
		8CA23EC21EA9233C0055D6B1 /* CopyFiles */ = {
			isa = PBXCopyFilesBuildPhase;
			buildActionMask = 2147483647;
			dstPath = /usr/share/man/man1/;
			dstSubfolderSpec = 0;
			files = (
			);
			runOnlyForDeploymentPostprocessing = 1;
		};
/* End PBXCopyFilesBuildPhase section */

/* Begin PBXFileReference section */
		8C5F12A12DE378C700BB3341 /* PSLhelper.h */ = {isa = PBXFileReference; lastKnownFileType = sourcecode.c.h; path = PSLhelper.h; sourceTree = "<group>"; };
		8C5F12A22DE378C700BB3341 /* solve_puzzle_p.h */ = {isa = PBXFileReference; lastKnownFileType = sourcecode.c.h; path = solve_puzzle_p.h; sourceTree = "<group>"; };
		8C689D1D2E07753100A2BCCC /* NewCarpenterSquare.cpp */ = {isa = PBXFileReference; lastKnownFileType = sourcecode.cpp.cpp; path = NewCarpenterSquare.cpp; sourceTree = "<group>"; };
		8C689D1E2E07753100A2BCCC /* NewCarpenterSquare.txt */ = {isa = PBXFileReference; lastKnownFileType = text; path = NewCarpenterSquare.txt; sourceTree = "<group>"; };
		8C689D1F2E07753100A2BCCC /* NewCarpenterSquare.xml */ = {isa = PBXFileReference; lastKnownFileType = text.xml; path = NewCarpenterSquare.xml; sourceTree = "<group>"; };
		8C689D5C2E128A6000A2BCCC /* NumberChain.cpp */ = {isa = PBXFileReference; lastKnownFileType = sourcecode.cpp.cpp; path = NumberChain.cpp; sourceTree = "<group>"; };
		8C689D5D2E128A6000A2BCCC /* NumberChain.txt */ = {isa = PBXFileReference; lastKnownFileType = text; path = NumberChain.txt; sourceTree = "<group>"; };
		8C689D5E2E128A6000A2BCCC /* NumberChain.xml */ = {isa = PBXFileReference; lastKnownFileType = text.xml; path = NumberChain.xml; sourceTree = "<group>"; };
		8C884F732E2E4561005310E2 /* NumberConnect.cpp */ = {isa = PBXFileReference; lastKnownFileType = sourcecode.cpp.cpp; path = NumberConnect.cpp; sourceTree = "<group>"; };
		8C884F742E2E4561005310E2 /* NumberConnect.txt */ = {isa = PBXFileReference; lastKnownFileType = text; path = NumberConnect.txt; sourceTree = "<group>"; };
		8C884F752E2E4561005310E2 /* NumberConnect.xml */ = {isa = PBXFileReference; lastKnownFileType = text.xml; path = NumberConnect.xml; sourceTree = "<group>"; };
		8CA23EC41EA9233C0055D6B1 /* PuzzlesN */ = {isa = PBXFileReference; explicitFileType = "compiled.mach-o.executable"; includeInIndex = 0; path = PuzzlesN; sourceTree = BUILT_PRODUCTS_DIR; };
		8CA23ECE1EA924380055D6B1 /* main.cpp */ = {isa = PBXFileReference; fileEncoding = 4; lastKnownFileType = sourcecode.cpp.cpp; path = main.cpp; sourceTree = "<group>"; };
		8CA23F171EA925F20055D6B1 /* stdafx.cpp */ = {isa = PBXFileReference; fileEncoding = 4; lastKnownFileType = sourcecode.cpp.cpp; path = stdafx.cpp; sourceTree = "<group>"; };
		8CA23F181EA925F20055D6B1 /* stdafx.h */ = {isa = PBXFileReference; fileEncoding = 4; lastKnownFileType = sourcecode.c.h; path = stdafx.h; sourceTree = "<group>"; };
		8CA23F191EA925F20055D6B1 /* targetver.h */ = {isa = PBXFileReference; fileEncoding = 4; lastKnownFileType = sourcecode.c.h; path = targetver.h; sourceTree = "<group>"; };
		8CA23F1D1EA926F60055D6B1 /* astar_solver.h */ = {isa = PBXFileReference; lastKnownFileType = sourcecode.c.h; path = astar_solver.h; sourceTree = "<group>"; };
		8CA23F1E1EA926F60055D6B1 /* bfs_move_gen.h */ = {isa = PBXFileReference; lastKnownFileType = sourcecode.c.h; path = bfs_move_gen.h; sourceTree = "<group>"; };
		8CA23F1F1EA926F60055D6B1 /* bfs_solver.h */ = {isa = PBXFileReference; lastKnownFileType = sourcecode.c.h; path = bfs_solver.h; sourceTree = "<group>"; };
		8CA23F201EA926F60055D6B1 /* dfs_solver.h */ = {isa = PBXFileReference; lastKnownFileType = sourcecode.c.h; path = dfs_solver.h; sourceTree = "<group>"; };
		8CA23F211EA926F60055D6B1 /* dijkstra_solver.h */ = {isa = PBXFileReference; lastKnownFileType = sourcecode.c.h; path = dijkstra_solver.h; sourceTree = "<group>"; };
		8CA23F221EA926F60055D6B1 /* idastar_search.hpp */ = {isa = PBXFileReference; lastKnownFileType = sourcecode.cpp.h; path = idastar_search.hpp; sourceTree = "<group>"; };
		8CA23F231EA926F60055D6B1 /* idastar_solver.h */ = {isa = PBXFileReference; lastKnownFileType = sourcecode.c.h; path = idastar_solver.h; sourceTree = "<group>"; };
		8CA23F241EA926F60055D6B1 /* idastar_solver2.h */ = {isa = PBXFileReference; lastKnownFileType = sourcecode.c.h; path = idastar_solver2.h; sourceTree = "<group>"; };
		8CA23F251EA926F60055D6B1 /* iddfs_solver.h */ = {isa = PBXFileReference; lastKnownFileType = sourcecode.c.h; path = iddfs_solver.h; sourceTree = "<group>"; };
		8CA23F261EA926F60055D6B1 /* nonconst_bfs.hpp */ = {isa = PBXFileReference; lastKnownFileType = sourcecode.cpp.h; path = nonconst_bfs.hpp; sourceTree = "<group>"; };
		8CA23F271EA926F60055D6B1 /* nonconst_dfs.hpp */ = {isa = PBXFileReference; lastKnownFileType = sourcecode.cpp.h; path = nonconst_dfs.hpp; sourceTree = "<group>"; };
		8CA23F281EA926F60055D6B1 /* Position.cpp */ = {isa = PBXFileReference; lastKnownFileType = sourcecode.cpp.cpp; path = Position.cpp; sourceTree = "<group>"; };
		8CA23F291EA926F60055D6B1 /* Position.h */ = {isa = PBXFileReference; lastKnownFileType = sourcecode.c.h; path = Position.h; sourceTree = "<group>"; };
		8CA23F2A1EA926F60055D6B1 /* pugiconfig.hpp */ = {isa = PBXFileReference; lastKnownFileType = sourcecode.cpp.h; path = pugiconfig.hpp; sourceTree = "<group>"; };
		8CA23F2B1EA926F60055D6B1 /* pugixml.cpp */ = {isa = PBXFileReference; lastKnownFileType = sourcecode.cpp.cpp; path = pugixml.cpp; sourceTree = "<group>"; };
		8CA23F2C1EA926F60055D6B1 /* pugixml.hpp */ = {isa = PBXFileReference; lastKnownFileType = sourcecode.cpp.h; path = pugixml.hpp; sourceTree = "<group>"; };
		8CA23F2D1EA926F60055D6B1 /* ReadMe.txt */ = {isa = PBXFileReference; lastKnownFileType = text; path = ReadMe.txt; sourceTree = "<group>"; };
		8CA23F2E1EA926F60055D6B1 /* solve_puzzle.h */ = {isa = PBXFileReference; lastKnownFileType = sourcecode.c.h; path = solve_puzzle.h; sourceTree = "<group>"; };
		8CA23F2F1EA926F60055D6B1 /* stdafx.cpp */ = {isa = PBXFileReference; lastKnownFileType = sourcecode.cpp.cpp; path = stdafx.cpp; sourceTree = "<group>"; };
		8CA23F301EA926F60055D6B1 /* stdafx.h */ = {isa = PBXFileReference; lastKnownFileType = sourcecode.c.h; path = stdafx.h; sourceTree = "<group>"; };
		8CA23F311EA926F60055D6B1 /* targetver.h */ = {isa = PBXFileReference; lastKnownFileType = sourcecode.c.h; path = targetver.h; sourceTree = "<group>"; };
		8CA240A81EB47A950055D6B1 /* Neighbours.cpp */ = {isa = PBXFileReference; fileEncoding = 4; lastKnownFileType = sourcecode.cpp.cpp; path = Neighbours.cpp; sourceTree = "<group>"; };
		8CA240A91EB47A950055D6B1 /* Neighbours.txt */ = {isa = PBXFileReference; fileEncoding = 4; lastKnownFileType = text; path = Neighbours.txt; sourceTree = "<group>"; };
		8CA240AA1EB47A950055D6B1 /* Neighbours.xml */ = {isa = PBXFileReference; fileEncoding = 4; lastKnownFileType = text.xml; path = Neighbours.xml; sourceTree = "<group>"; };
		8CA240AB1EB47A950055D6B1 /* Neighbours2.txt */ = {isa = PBXFileReference; fileEncoding = 4; lastKnownFileType = text; path = Neighbours2.txt; sourceTree = "<group>"; };
		8CA240AC1EB47A950055D6B1 /* Neighbours2.xml */ = {isa = PBXFileReference; fileEncoding = 4; lastKnownFileType = text.xml; path = Neighbours2.xml; sourceTree = "<group>"; };
		8CA240AD1EB47A950055D6B1 /* Neighbours3.txt */ = {isa = PBXFileReference; fileEncoding = 4; lastKnownFileType = text; path = Neighbours3.txt; sourceTree = "<group>"; };
		8CA240AE1EB47A950055D6B1 /* Neighbours3.xml */ = {isa = PBXFileReference; fileEncoding = 4; lastKnownFileType = text.xml; path = Neighbours3.xml; sourceTree = "<group>"; };
		8CA240AF1EB47A950055D6B1 /* NorthPoleFishing.cpp */ = {isa = PBXFileReference; fileEncoding = 4; lastKnownFileType = sourcecode.cpp.cpp; path = NorthPoleFishing.cpp; sourceTree = "<group>"; };
		8CA240B01EB47A950055D6B1 /* NorthPoleFishing.txt */ = {isa = PBXFileReference; fileEncoding = 4; lastKnownFileType = text; path = NorthPoleFishing.txt; sourceTree = "<group>"; };
		8CA240B11EB47A950055D6B1 /* NorthPoleFishing.xml */ = {isa = PBXFileReference; fileEncoding = 4; lastKnownFileType = text.xml; path = NorthPoleFishing.xml; sourceTree = "<group>"; };
		8CA240B21EB47A950055D6B1 /* NoughtsAndCrosses.cpp */ = {isa = PBXFileReference; fileEncoding = 4; lastKnownFileType = sourcecode.cpp.cpp; path = NoughtsAndCrosses.cpp; sourceTree = "<group>"; };
		8CA240B31EB47A950055D6B1 /* NoughtsAndCrosses.txt */ = {isa = PBXFileReference; fileEncoding = 4; lastKnownFileType = text; path = NoughtsAndCrosses.txt; sourceTree = "<group>"; };
		8CA240B41EB47A950055D6B1 /* NoughtsAndCrosses.xml */ = {isa = PBXFileReference; fileEncoding = 4; lastKnownFileType = text.xml; path = NoughtsAndCrosses.xml; sourceTree = "<group>"; };
		8CA240B51EB47A950055D6B1 /* NumberLink.cpp */ = {isa = PBXFileReference; fileEncoding = 4; lastKnownFileType = sourcecode.cpp.cpp; path = NumberLink.cpp; sourceTree = "<group>"; };
		8CA240B61EB47A950055D6B1 /* NumberLink.txt */ = {isa = PBXFileReference; fileEncoding = 4; lastKnownFileType = text; path = NumberLink.txt; sourceTree = "<group>"; };
		8CA240B71EB47A950055D6B1 /* NumberLink.xml */ = {isa = PBXFileReference; fileEncoding = 4; lastKnownFileType = text.xml; path = NumberLink.xml; sourceTree = "<group>"; };
		8CA240B81EB47A950055D6B1 /* NumberPath.cpp */ = {isa = PBXFileReference; fileEncoding = 4; lastKnownFileType = sourcecode.cpp.cpp; path = NumberPath.cpp; sourceTree = "<group>"; };
		8CA240B91EB47A950055D6B1 /* NumberPath.txt */ = {isa = PBXFileReference; fileEncoding = 4; lastKnownFileType = text; path = NumberPath.txt; sourceTree = "<group>"; };
		8CA240BA1EB47A950055D6B1 /* NumberPath.xml */ = {isa = PBXFileReference; fileEncoding = 4; lastKnownFileType = text.xml; path = NumberPath.xml; sourceTree = "<group>"; };
		8CA240BB1EB47A950055D6B1 /* numeric_paranoia.cpp */ = {isa = PBXFileReference; fileEncoding = 4; lastKnownFileType = sourcecode.cpp.cpp; path = numeric_paranoia.cpp; sourceTree = "<group>"; };
		8CA240BC1EB47A950055D6B1 /* numeric_paranoia.txt */ = {isa = PBXFileReference; fileEncoding = 4; lastKnownFileType = text; path = numeric_paranoia.txt; sourceTree = "<group>"; };
		8CA240BD1EB47A950055D6B1 /* numeric_paranoia.xml */ = {isa = PBXFileReference; fileEncoding = 4; lastKnownFileType = text.xml; path = numeric_paranoia.xml; sourceTree = "<group>"; };
		8CA240BE1EB47A950055D6B1 /* Nurikabe.cpp */ = {isa = PBXFileReference; fileEncoding = 4; lastKnownFileType = sourcecode.cpp.cpp; path = Nurikabe.cpp; sourceTree = "<group>"; };
		8CA240BF1EB47A950055D6B1 /* Nurikabe.txt */ = {isa = PBXFileReference; fileEncoding = 4; lastKnownFileType = text; path = Nurikabe.txt; sourceTree = "<group>"; };
		8CA240C01EB47A950055D6B1 /* Nurikabe.xml */ = {isa = PBXFileReference; fileEncoding = 4; lastKnownFileType = text.xml; path = Nurikabe.xml; sourceTree = "<group>"; };
		8CDAE7DB1F5AEA75000DE5AF /* NumberPath2.cpp */ = {isa = PBXFileReference; fileEncoding = 4; lastKnownFileType = sourcecode.cpp.cpp; path = NumberPath2.cpp; sourceTree = "<group>"; };
		8CDAE7DC1F5AEA75000DE5AF /* NumberPath2.txt */ = {isa = PBXFileReference; fileEncoding = 4; lastKnownFileType = text; path = NumberPath2.txt; sourceTree = "<group>"; };
		8CDAF8142E1D4C8400ED90A3 /* Nooks.cpp */ = {isa = PBXFileReference; lastKnownFileType = sourcecode.cpp.cpp; path = Nooks.cpp; sourceTree = "<group>"; };
		8CDAF8152E1D4C8400ED90A3 /* Nooks.txt */ = {isa = PBXFileReference; lastKnownFileType = text; path = Nooks.txt; sourceTree = "<group>"; };
		8CDAF8162E1D4C8400ED90A3 /* Nooks.xml */ = {isa = PBXFileReference; lastKnownFileType = text.xml; path = Nooks.xml; sourceTree = "<group>"; };
		95D7B5C5230C4546001E005C /* NumberCrossing.cpp */ = {isa = PBXFileReference; fileEncoding = 4; lastKnownFileType = sourcecode.cpp.cpp; path = NumberCrossing.cpp; sourceTree = "<group>"; };
		95D7B5C6230C4546001E005C /* NumberCrossing.xml */ = {isa = PBXFileReference; fileEncoding = 4; lastKnownFileType = text.xml; path = NumberCrossing.xml; sourceTree = "<group>"; };
		95D7B5C7230C4546001E005C /* NumberCrossing.txt */ = {isa = PBXFileReference; fileEncoding = 4; lastKnownFileType = text; path = NumberCrossing.txt; sourceTree = "<group>"; };
		95D7B5CD2313FCBF001E005C /* NumberCrossing2.txt */ = {isa = PBXFileReference; fileEncoding = 4; lastKnownFileType = text; path = NumberCrossing2.txt; sourceTree = "<group>"; };
		95D7B5CE23140C1D001E005C /* NumberCrosswords.xml */ = {isa = PBXFileReference; fileEncoding = 4; lastKnownFileType = text.xml; path = NumberCrosswords.xml; sourceTree = "<group>"; };
		95D7B5CF23140C1D001E005C /* NumberCrosswords.txt */ = {isa = PBXFileReference; fileEncoding = 4; lastKnownFileType = text; path = NumberCrosswords.txt; sourceTree = "<group>"; };
		95D7B5D023140C1D001E005C /* NumberCrosswords.cpp */ = {isa = PBXFileReference; fileEncoding = 4; lastKnownFileType = sourcecode.cpp.cpp; path = NumberCrosswords.cpp; sourceTree = "<group>"; };
/* End PBXFileReference section */

/* Begin PBXFrameworksBuildPhase section */
		8CA23EC11EA9233C0055D6B1 /* Frameworks */ = {
			isa = PBXFrameworksBuildPhase;
			buildActionMask = 2147483647;
			files = (
			);
			runOnlyForDeploymentPostprocessing = 0;
		};
/* End PBXFrameworksBuildPhase section */

/* Begin PBXGroup section */
		8CA23EBB1EA9233C0055D6B1 = {
			isa = PBXGroup;
			children = (
				8CA23F1B1EA926F60055D6B1 /* PSL */,
				8CA23ECE1EA924380055D6B1 /* main.cpp */,
				8CA23F171EA925F20055D6B1 /* stdafx.cpp */,
				8CA23F181EA925F20055D6B1 /* stdafx.h */,
				8CA23F191EA925F20055D6B1 /* targetver.h */,
				8CA23ECF1EA924380055D6B1 /* Puzzles */,
				8CA23EC51EA9233C0055D6B1 /* Products */,
			);
			sourceTree = "<group>";
		};
		8CA23EC51EA9233C0055D6B1 /* Products */ = {
			isa = PBXGroup;
			children = (
				8CA23EC41EA9233C0055D6B1 /* PuzzlesN */,
			);
			name = Products;
			sourceTree = "<group>";
		};
		8CA23ECF1EA924380055D6B1 /* Puzzles */ = {
			isa = PBXGroup;
			children = (
				8CA240A81EB47A950055D6B1 /* Neighbours.cpp */,
				8CA240A91EB47A950055D6B1 /* Neighbours.txt */,
				8CA240AA1EB47A950055D6B1 /* Neighbours.xml */,
				8CA240AB1EB47A950055D6B1 /* Neighbours2.txt */,
				8CA240AC1EB47A950055D6B1 /* Neighbours2.xml */,
				8CA240AD1EB47A950055D6B1 /* Neighbours3.txt */,
				8CA240AE1EB47A950055D6B1 /* Neighbours3.xml */,
				8C689D1D2E07753100A2BCCC /* NewCarpenterSquare.cpp */,
				8C689D1E2E07753100A2BCCC /* NewCarpenterSquare.txt */,
				8C689D1F2E07753100A2BCCC /* NewCarpenterSquare.xml */,
				8CDAF8142E1D4C8400ED90A3 /* Nooks.cpp */,
				8CDAF8152E1D4C8400ED90A3 /* Nooks.txt */,
				8CDAF8162E1D4C8400ED90A3 /* Nooks.xml */,
				8CA240AF1EB47A950055D6B1 /* NorthPoleFishing.cpp */,
				8CA240B01EB47A950055D6B1 /* NorthPoleFishing.txt */,
				8CA240B11EB47A950055D6B1 /* NorthPoleFishing.xml */,
				8CA240B21EB47A950055D6B1 /* NoughtsAndCrosses.cpp */,
				8CA240B31EB47A950055D6B1 /* NoughtsAndCrosses.txt */,
				8CA240B41EB47A950055D6B1 /* NoughtsAndCrosses.xml */,
				8C689D5C2E128A6000A2BCCC /* NumberChain.cpp */,
				8C689D5D2E128A6000A2BCCC /* NumberChain.txt */,
				8C689D5E2E128A6000A2BCCC /* NumberChain.xml */,
				8C884F732E2E4561005310E2 /* NumberConnect.cpp */,
				8C884F742E2E4561005310E2 /* NumberConnect.txt */,
				8C884F752E2E4561005310E2 /* NumberConnect.xml */,
				95D7B5C5230C4546001E005C /* NumberCrossing.cpp */,
				95D7B5C7230C4546001E005C /* NumberCrossing.txt */,
				95D7B5C6230C4546001E005C /* NumberCrossing.xml */,
				95D7B5CD2313FCBF001E005C /* NumberCrossing2.txt */,
				95D7B5D023140C1D001E005C /* NumberCrosswords.cpp */,
				95D7B5CF23140C1D001E005C /* NumberCrosswords.txt */,
				95D7B5CE23140C1D001E005C /* NumberCrosswords.xml */,
				8CA240B51EB47A950055D6B1 /* NumberLink.cpp */,
				8CA240B61EB47A950055D6B1 /* NumberLink.txt */,
				8CA240B71EB47A950055D6B1 /* NumberLink.xml */,
				8CA240B81EB47A950055D6B1 /* NumberPath.cpp */,
				8CA240B91EB47A950055D6B1 /* NumberPath.txt */,
				8CA240BA1EB47A950055D6B1 /* NumberPath.xml */,
				8CDAE7DB1F5AEA75000DE5AF /* NumberPath2.cpp */,
				8CDAE7DC1F5AEA75000DE5AF /* NumberPath2.txt */,
				8CA240BB1EB47A950055D6B1 /* numeric_paranoia.cpp */,
				8CA240BC1EB47A950055D6B1 /* numeric_paranoia.txt */,
				8CA240BD1EB47A950055D6B1 /* numeric_paranoia.xml */,
				8CA240BE1EB47A950055D6B1 /* Nurikabe.cpp */,
				8CA240BF1EB47A950055D6B1 /* Nurikabe.txt */,
				8CA240C01EB47A950055D6B1 /* Nurikabe.xml */,
			);
			path = Puzzles;
			sourceTree = "<group>";
		};
		8CA23F1B1EA926F60055D6B1 /* PSL */ = {
			isa = PBXGroup;
			children = (
				8CA23F1D1EA926F60055D6B1 /* astar_solver.h */,
				8CA23F1E1EA926F60055D6B1 /* bfs_move_gen.h */,
				8CA23F1F1EA926F60055D6B1 /* bfs_solver.h */,
				8CA23F201EA926F60055D6B1 /* dfs_solver.h */,
				8CA23F211EA926F60055D6B1 /* dijkstra_solver.h */,
				8CA23F221EA926F60055D6B1 /* idastar_search.hpp */,
				8CA23F231EA926F60055D6B1 /* idastar_solver.h */,
				8CA23F241EA926F60055D6B1 /* idastar_solver2.h */,
				8CA23F251EA926F60055D6B1 /* iddfs_solver.h */,
				8CA23F261EA926F60055D6B1 /* nonconst_bfs.hpp */,
				8CA23F271EA926F60055D6B1 /* nonconst_dfs.hpp */,
				8CA23F291EA926F60055D6B1 /* Position.h */,
				8CA23F281EA926F60055D6B1 /* Position.cpp */,
				8C5F12A12DE378C700BB3341 /* PSLhelper.h */,
				8CA23F2A1EA926F60055D6B1 /* pugiconfig.hpp */,
				8CA23F2C1EA926F60055D6B1 /* pugixml.hpp */,
				8CA23F2B1EA926F60055D6B1 /* pugixml.cpp */,
				8CA23F2D1EA926F60055D6B1 /* ReadMe.txt */,
				8CA23F2E1EA926F60055D6B1 /* solve_puzzle.h */,
				8C5F12A22DE378C700BB3341 /* solve_puzzle_p.h */,
				8CA23F301EA926F60055D6B1 /* stdafx.h */,
				8CA23F2F1EA926F60055D6B1 /* stdafx.cpp */,
				8CA23F311EA926F60055D6B1 /* targetver.h */,
			);
			name = PSL;
			path = ../PSL;
			sourceTree = "<group>";
		};
/* End PBXGroup section */

/* Begin PBXNativeTarget section */
		8CA23EC31EA9233C0055D6B1 /* PuzzlesN */ = {
			isa = PBXNativeTarget;
			buildConfigurationList = 8CA23ECB1EA9233C0055D6B1 /* Build configuration list for PBXNativeTarget "PuzzlesN" */;
			buildPhases = (
				8CA23EC01EA9233C0055D6B1 /* Sources */,
				8CA23EC11EA9233C0055D6B1 /* Frameworks */,
				8CA23EC21EA9233C0055D6B1 /* CopyFiles */,
			);
			buildRules = (
			);
			dependencies = (
			);
			name = PuzzlesN;
			productName = PuzzlesM;
			productReference = 8CA23EC41EA9233C0055D6B1 /* PuzzlesN */;
			productType = "com.apple.product-type.tool";
		};
/* End PBXNativeTarget section */

/* Begin PBXProject section */
		8CA23EBC1EA9233C0055D6B1 /* Project object */ = {
			isa = PBXProject;
			attributes = {
				BuildIndependentTargetsInParallel = YES;
				LastUpgradeCheck = 1630;
				ORGANIZATIONNAME = "趙偉";
				TargetAttributes = {
					8CA23EC31EA9233C0055D6B1 = {
						CreatedOnToolsVersion = 8.2;
						DevelopmentTeam = U259NHMY78;
						ProvisioningStyle = Automatic;
					};
				};
			};
			buildConfigurationList = 8CA23EBF1EA9233C0055D6B1 /* Build configuration list for PBXProject "PuzzlesN" */;
			compatibilityVersion = "Xcode 11.0";
			developmentRegion = en;
			hasScannedForEncodings = 0;
			knownRegions = (
				en,
				Base,
			);
			mainGroup = 8CA23EBB1EA9233C0055D6B1;
			productRefGroup = 8CA23EC51EA9233C0055D6B1 /* Products */;
			projectDirPath = "";
			projectRoot = "";
			targets = (
				8CA23EC31EA9233C0055D6B1 /* PuzzlesN */,
			);
		};
/* End PBXProject section */

/* Begin PBXSourcesBuildPhase section */
		8CA23EC01EA9233C0055D6B1 /* Sources */ = {
			isa = PBXSourcesBuildPhase;
			buildActionMask = 2147483647;
			files = (
				95D7B5C8230C4547001E005C /* NumberCrossing.cpp in Sources */,
				8CA240C21EB47A950055D6B1 /* NorthPoleFishing.cpp in Sources */,
				8C689D5F2E128A6000A2BCCC /* NumberChain.cpp in Sources */,
				8CA23F1A1EA925F20055D6B1 /* stdafx.cpp in Sources */,
				8CA240C71EB47A950055D6B1 /* Nurikabe.cpp in Sources */,
				95D7B5D123140C1D001E005C /* NumberCrosswords.cpp in Sources */,
				8CA240C11EB47A950055D6B1 /* Neighbours.cpp in Sources */,
				8C689D202E07753100A2BCCC /* NewCarpenterSquare.cpp in Sources */,
				8CA240C31EB47A950055D6B1 /* NoughtsAndCrosses.cpp in Sources */,
				8CA23F321EA927A80055D6B1 /* Position.cpp in Sources */,
				8CA23F041EA924380055D6B1 /* main.cpp in Sources */,
				8CA23F331EA927AF0055D6B1 /* pugixml.cpp in Sources */,
				8C884F762E2E4561005310E2 /* NumberConnect.cpp in Sources */,
				8CDAE7DD1F5AEA75000DE5AF /* NumberPath2.cpp in Sources */,
				8CA240C51EB47A950055D6B1 /* NumberPath.cpp in Sources */,
				8CA23F341EA927B60055D6B1 /* stdafx.cpp in Sources */,
				8CA240C41EB47A950055D6B1 /* NumberLink.cpp in Sources */,
				8CDAF8172E1D4C8400ED90A3 /* Nooks.cpp in Sources */,
				8CA240C61EB47A950055D6B1 /* numeric_paranoia.cpp in Sources */,
			);
			runOnlyForDeploymentPostprocessing = 0;
		};
/* End PBXSourcesBuildPhase section */

/* Begin XCBuildConfiguration section */
		8CA23EC91EA9233C0055D6B1 /* Debug */ = {
			isa = XCBuildConfiguration;
			buildSettings = {
				ALWAYS_SEARCH_USER_PATHS = NO;
				CLANG_ANALYZER_LOCALIZABILITY_NONLOCALIZED = YES;
				CLANG_ANALYZER_NONNULL = YES;
				CLANG_CXX_LANGUAGE_STANDARD = "gnu++23";
				CLANG_CXX_LIBRARY = "libc++";
				CLANG_ENABLE_MODULES = YES;
				CLANG_ENABLE_OBJC_ARC = YES;
				CLANG_WARN_BLOCK_CAPTURE_AUTORELEASING = YES;
				CLANG_WARN_BOOL_CONVERSION = YES;
				CLANG_WARN_COMMA = YES;
				CLANG_WARN_CONSTANT_CONVERSION = YES;
				CLANG_WARN_DEPRECATED_OBJC_IMPLEMENTATIONS = YES;
				CLANG_WARN_DIRECT_OBJC_ISA_USAGE = YES_ERROR;
				CLANG_WARN_DOCUMENTATION_COMMENTS = NO;
				CLANG_WARN_EMPTY_BODY = YES;
				CLANG_WARN_ENUM_CONVERSION = YES;
				CLANG_WARN_INFINITE_RECURSION = YES;
				CLANG_WARN_INT_CONVERSION = YES;
				CLANG_WARN_NON_LITERAL_NULL_CONVERSION = YES;
				CLANG_WARN_OBJC_IMPLICIT_RETAIN_SELF = YES;
				CLANG_WARN_OBJC_LITERAL_CONVERSION = YES;
				CLANG_WARN_OBJC_ROOT_CLASS = YES_ERROR;
				CLANG_WARN_QUOTED_INCLUDE_IN_FRAMEWORK_HEADER = YES;
				CLANG_WARN_RANGE_LOOP_ANALYSIS = YES;
				CLANG_WARN_STRICT_PROTOTYPES = YES;
				CLANG_WARN_SUSPICIOUS_MOVE = YES;
				CLANG_WARN_UNREACHABLE_CODE = YES;
				CLANG_WARN__DUPLICATE_METHOD_MATCH = YES;
				CODE_SIGN_IDENTITY = "-";
				COPY_PHASE_STRIP = NO;
				DEAD_CODE_STRIPPING = YES;
				DEBUG_INFORMATION_FORMAT = dwarf;
				DEVELOPMENT_TEAM = U259NHMY78;
				ENABLE_STRICT_OBJC_MSGSEND = YES;
				ENABLE_TESTABILITY = YES;
				ENABLE_USER_SCRIPT_SANDBOXING = YES;
				GCC_C_LANGUAGE_STANDARD = gnu23;
				GCC_DYNAMIC_NO_PIC = NO;
				GCC_NO_COMMON_BLOCKS = YES;
				GCC_OPTIMIZATION_LEVEL = 0;
				GCC_PREPROCESSOR_DEFINITIONS = (
					"DEBUG=1",
					"$(inherited)",
				);
				GCC_WARN_64_TO_32_BIT_CONVERSION = YES;
				GCC_WARN_ABOUT_RETURN_TYPE = YES_ERROR;
				GCC_WARN_UNDECLARED_SELECTOR = YES;
				GCC_WARN_UNINITIALIZED_AUTOS = YES_AGGRESSIVE;
				GCC_WARN_UNUSED_FUNCTION = YES;
				GCC_WARN_UNUSED_VARIABLE = YES;
				HEADER_SEARCH_PATHS = $BoostPath;
				MTL_ENABLE_DEBUG_INFO = YES;
				ONLY_ACTIVE_ARCH = YES;
				SDKROOT = macosx;
			};
			name = Debug;
		};
		8CA23ECA1EA9233C0055D6B1 /* Release */ = {
			isa = XCBuildConfiguration;
			buildSettings = {
				ALWAYS_SEARCH_USER_PATHS = NO;
				CLANG_ANALYZER_LOCALIZABILITY_NONLOCALIZED = YES;
				CLANG_ANALYZER_NONNULL = YES;
				CLANG_CXX_LANGUAGE_STANDARD = "gnu++23";
				CLANG_CXX_LIBRARY = "libc++";
				CLANG_ENABLE_MODULES = YES;
				CLANG_ENABLE_OBJC_ARC = YES;
				CLANG_WARN_BLOCK_CAPTURE_AUTORELEASING = YES;
				CLANG_WARN_BOOL_CONVERSION = YES;
				CLANG_WARN_COMMA = YES;
				CLANG_WARN_CONSTANT_CONVERSION = YES;
				CLANG_WARN_DEPRECATED_OBJC_IMPLEMENTATIONS = YES;
				CLANG_WARN_DIRECT_OBJC_ISA_USAGE = YES_ERROR;
				CLANG_WARN_DOCUMENTATION_COMMENTS = NO;
				CLANG_WARN_EMPTY_BODY = YES;
				CLANG_WARN_ENUM_CONVERSION = YES;
				CLANG_WARN_INFINITE_RECURSION = YES;
				CLANG_WARN_INT_CONVERSION = YES;
				CLANG_WARN_NON_LITERAL_NULL_CONVERSION = YES;
				CLANG_WARN_OBJC_IMPLICIT_RETAIN_SELF = YES;
				CLANG_WARN_OBJC_LITERAL_CONVERSION = YES;
				CLANG_WARN_OBJC_ROOT_CLASS = YES_ERROR;
				CLANG_WARN_QUOTED_INCLUDE_IN_FRAMEWORK_HEADER = YES;
				CLANG_WARN_RANGE_LOOP_ANALYSIS = YES;
				CLANG_WARN_STRICT_PROTOTYPES = YES;
				CLANG_WARN_SUSPICIOUS_MOVE = YES;
				CLANG_WARN_UNREACHABLE_CODE = YES;
				CLANG_WARN__DUPLICATE_METHOD_MATCH = YES;
				CODE_SIGN_IDENTITY = "-";
				COPY_PHASE_STRIP = NO;
				DEAD_CODE_STRIPPING = YES;
				DEBUG_INFORMATION_FORMAT = "dwarf-with-dsym";
				DEVELOPMENT_TEAM = U259NHMY78;
				ENABLE_NS_ASSERTIONS = NO;
				ENABLE_STRICT_OBJC_MSGSEND = YES;
				ENABLE_USER_SCRIPT_SANDBOXING = YES;
				GCC_C_LANGUAGE_STANDARD = gnu23;
				GCC_NO_COMMON_BLOCKS = YES;
				GCC_WARN_64_TO_32_BIT_CONVERSION = YES;
				GCC_WARN_ABOUT_RETURN_TYPE = YES_ERROR;
				GCC_WARN_UNDECLARED_SELECTOR = YES;
				GCC_WARN_UNINITIALIZED_AUTOS = YES_AGGRESSIVE;
				GCC_WARN_UNUSED_FUNCTION = YES;
				GCC_WARN_UNUSED_VARIABLE = YES;
				HEADER_SEARCH_PATHS = $BoostPath;
				MTL_ENABLE_DEBUG_INFO = NO;
				SDKROOT = macosx;
			};
			name = Release;
		};
		8CA23ECC1EA9233C0055D6B1 /* Debug */ = {
			isa = XCBuildConfiguration;
			buildSettings = {
				CODE_SIGN_IDENTITY = "-";
				DEAD_CODE_STRIPPING = YES;
				PRODUCT_NAME = "$(TARGET_NAME)";
			};
			name = Debug;
		};
		8CA23ECD1EA9233C0055D6B1 /* Release */ = {
			isa = XCBuildConfiguration;
			buildSettings = {
				CODE_SIGN_IDENTITY = "-";
				DEAD_CODE_STRIPPING = YES;
				PRODUCT_NAME = "$(TARGET_NAME)";
			};
			name = Release;
		};
/* End XCBuildConfiguration section */

/* Begin XCConfigurationList section */
		8CA23EBF1EA9233C0055D6B1 /* Build configuration list for PBXProject "PuzzlesN" */ = {
			isa = XCConfigurationList;
			baseConfigurationReference = ../BoostSettings.xcconfig; /* BoostSettings.xcconfig */;
			buildConfigurations = (
				8CA23EC91EA9233C0055D6B1 /* Debug */,
				8CA23ECA1EA9233C0055D6B1 /* Release */,
			);
			defaultConfigurationIsVisible = 0;
			defaultConfigurationName = Release;
		};
		8CA23ECB1EA9233C0055D6B1 /* Build configuration list for PBXNativeTarget "PuzzlesN" */ = {
			isa = XCConfigurationList;
			baseConfigurationReference = ../BoostSettings.xcconfig; /* BoostSettings.xcconfig */;
			buildConfigurations = (
				8CA23ECC1EA9233C0055D6B1 /* Debug */,
				8CA23ECD1EA9233C0055D6B1 /* Release */,
			);
			defaultConfigurationIsVisible = 0;
			defaultConfigurationName = Release;
		};
/* End XCConfigurationList section */
	};
	rootObject = 8CA23EBC1EA9233C0055D6B1 /* Project object */;
}
