<?xml version="1.0" encoding="utf-8"?>
<Project ToolsVersion="4.0" xmlns="http://schemas.microsoft.com/developer/msbuild/2003">
  <ItemGroup>
    <Filter Include="Source Files">
      <UniqueIdentifier>{4FC737F1-C7A5-4376-A066-2A32D752A2FF}</UniqueIdentifier>
      <Extensions>cpp;c;cc;cxx;def;odl;idl;hpj;bat;asm;asmx</Extensions>
    </Filter>
    <Filter Include="Header Files">
      <UniqueIdentifier>{93995380-89BD-4b04-88EB-625FBE52EBFB}</UniqueIdentifier>
      <Extensions>h;hpp;hxx;hm;inl;inc;xsd</Extensions>
    </Filter>
    <Filter Include="Resource Files">
      <UniqueIdentifier>{67DA6AB6-F800-4c08-8B7A-83BB121AAD01}</UniqueIdentifier>
      <Extensions>rc;ico;cur;bmp;dlg;rc2;rct;bin;rgs;gif;jpg;jpeg;jpe;resx;tiff;tif;png;wav;mfcribbon-ms</Extensions>
    </Filter>
    <Filter Include="Puzzles">
      <UniqueIdentifier>{70d1df74-0bb4-40d6-b6ef-b82136c4fe7f}</UniqueIdentifier>
    </Filter>
  </ItemGroup>
  <ItemGroup>
    <Text Include="ReadMe.txt" />
    <Text Include="Puzzles\sokoban.txt">
      <Filter>Puzzles</Filter>
    </Text>
    <Text Include="Puzzles\strimko.txt">
      <Filter>Puzzles</Filter>
    </Text>
    <Text Include="Puzzles\sumscrapers.txt">
      <Filter>Puzzles</Filter>
    </Text>
    <Text Include="Puzzles\SlitherLink.txt">
      <Filter>Puzzles</Filter>
    </Text>
    <Text Include="Puzzles\ShopAndGas.txt">
      <Filter>Puzzles</Filter>
    </Text>
    <Text Include="Puzzles\SheepAndWolves.txt">
      <Filter>Puzzles</Filter>
    </Text>
    <Text Include="Puzzles\Skydoku.txt">
      <Filter>Puzzles</Filter>
    </Text>
    <Text Include="Puzzles\Skyscrapers.txt">
      <Filter>Puzzles</Filter>
    </Text>
    <Text Include="Puzzles\SlantedMaze.txt">
      <Filter>Puzzles</Filter>
    </Text>
    <Text Include="Puzzles\SlitherLink2.txt">
      <Filter>Puzzles</Filter>
    </Text>
    <Text Include="Puzzles\Sentinels.txt">
      <Filter>Puzzles</Filter>
    </Text>
    <Text Include="Puzzles\Square100.txt">
      <Filter>Puzzles</Filter>
    </Text>
    <Text Include="Puzzles\Snail.txt">
      <Filter>Puzzles</Filter>
    </Text>
    <Text Include="Puzzles\Snake.txt">
      <Filter>Puzzles</Filter>
    </Text>
    <Text Include="Puzzles\Steps.txt">
      <Filter>Puzzles</Filter>
    </Text>
    <Text Include="Puzzles\Stacks.txt">
      <Filter>Puzzles</Filter>
    </Text>
    <Text Include="Puzzles\StraightAndTurn.txt">
      <Filter>Puzzles</Filter>
    </Text>
    <Text Include="Puzzles\Sukrokuro.txt">
      <Filter>Puzzles</Filter>
    </Text>
    <Text Include="Puzzles\SuspendedGravity.txt">
      <Filter>Puzzles</Filter>
    </Text>
  </ItemGroup>
  <ItemGroup>
    <ClInclude Include="stdafx.h">
      <Filter>Header Files</Filter>
    </ClInclude>
    <ClInclude Include="targetver.h">
      <Filter>Header Files</Filter>
    </ClInclude>
  </ItemGroup>
  <ItemGroup>
    <ClCompile Include="stdafx.cpp">
      <Filter>Source Files</Filter>
    </ClCompile>
    <ClCompile Include="main.cpp">
      <Filter>Source Files</Filter>
    </ClCompile>
    <ClCompile Include="..\PSL\Position.cpp">
      <Filter>Source Files</Filter>
    </ClCompile>
    <ClCompile Include="Puzzles\sokoban.cpp">
      <Filter>Puzzles</Filter>
    </ClCompile>
    <ClCompile Include="Puzzles\strimko.cpp">
      <Filter>Puzzles</Filter>
    </ClCompile>
    <ClCompile Include="Puzzles\sumscrapers.cpp">
      <Filter>Puzzles</Filter>
    </ClCompile>
    <ClCompile Include="Puzzles\SlitherLink.cpp">
      <Filter>Puzzles</Filter>
    </ClCompile>
    <ClCompile Include="Puzzles\ShopAndGas.cpp">
      <Filter>Puzzles</Filter>
    </ClCompile>
    <ClCompile Include="Puzzles\SheepAndWolves.cpp">
      <Filter>Puzzles</Filter>
    </ClCompile>
    <ClCompile Include="Puzzles\Skydoku.cpp">
      <Filter>Puzzles</Filter>
    </ClCompile>
    <ClCompile Include="Puzzles\Skyscrapers.cpp">
      <Filter>Puzzles</Filter>
    </ClCompile>
    <ClCompile Include="Puzzles\SlantedMaze.cpp">
      <Filter>Puzzles</Filter>
    </ClCompile>
    <ClCompile Include="Puzzles\SlitherLink2.cpp">
      <Filter>Puzzles</Filter>
    </ClCompile>
    <ClCompile Include="Puzzles\Sentinels.cpp">
      <Filter>Puzzles</Filter>
    </ClCompile>
    <ClCompile Include="Puzzles\Square100.cpp">
      <Filter>Puzzles</Filter>
    </ClCompile>
    <ClCompile Include="Puzzles\Snail.cpp">
      <Filter>Puzzles</Filter>
    </ClCompile>
    <ClCompile Include="..\PSL\pugixml.cpp">
      <Filter>Source Files</Filter>
    </ClCompile>
    <ClCompile Include="Puzzles\Snake.cpp">
      <Filter>Puzzles</Filter>
    </ClCompile>
    <ClCompile Include="Puzzles\Steps.cpp">
      <Filter>Puzzles</Filter>
    </ClCompile>
    <ClCompile Include="Puzzles\Stacks.cpp">
      <Filter>Puzzles</Filter>
    </ClCompile>
    <ClCompile Include="Puzzles\StraightAndTurn.cpp">
      <Filter>Puzzles</Filter>
    </ClCompile>
    <ClCompile Include="Puzzles\Sukrokuro.cpp">
      <Filter>Puzzles</Filter>
    </ClCompile>
    <ClCompile Include="Puzzles\SuspendedGravity.cpp">
      <Filter>Puzzles</Filter>
    </ClCompile>
  </ItemGroup>
  <ItemGroup>
    <Xml Include="Puzzles\sokoban.xml">
      <Filter>Puzzles</Filter>
    </Xml>
    <Xml Include="Puzzles\strimko.xml">
      <Filter>Puzzles</Filter>
    </Xml>
    <Xml Include="Puzzles\sumscrapers.xml">
      <Filter>Puzzles</Filter>
    </Xml>
    <Xml Include="Puzzles\SlitherLink.xml">
      <Filter>Puzzles</Filter>
    </Xml>
    <Xml Include="Puzzles\ShopAndGas.xml">
      <Filter>Puzzles</Filter>
    </Xml>
    <Xml Include="Puzzles\SheepAndWolves.xml">
      <Filter>Puzzles</Filter>
    </Xml>
    <Xml Include="Puzzles\Skydoku.xml">
      <Filter>Puzzles</Filter>
    </Xml>
    <Xml Include="Puzzles\Skyscrapers.xml">
      <Filter>Puzzles</Filter>
    </Xml>
    <Xml Include="Puzzles\SlantedMaze.xml">
      <Filter>Puzzles</Filter>
    </Xml>
    <Xml Include="Puzzles\Sentinels.xml">
      <Filter>Puzzles</Filter>
    </Xml>
    <Xml Include="Puzzles\Square100.xml">
      <Filter>Puzzles</Filter>
    </Xml>
    <Xml Include="Puzzles\Snail.xml">
      <Filter>Puzzles</Filter>
    </Xml>
    <Xml Include="Puzzles\Snake.xml">
      <Filter>Puzzles</Filter>
    </Xml>
    <Xml Include="Puzzles\Steps.xml">
      <Filter>Puzzles</Filter>
    </Xml>
    <Xml Include="Puzzles\Stacks.xml">
      <Filter>Puzzles</Filter>
    </Xml>
    <Xml Include="Puzzles\StraightAndTurn.xml">
      <Filter>Puzzles</Filter>
    </Xml>
    <Xml Include="Puzzles\Sukrokuro.xml">
      <Filter>Puzzles</Filter>
    </Xml>
    <Xml Include="Puzzles\SuspendedGravity.xml">
      <Filter>Puzzles</Filter>
    </Xml>
  </ItemGroup>
</Project>